PODS:
  - Alamofire (5.2.2)
  - Bugly (2.5.71)
  - DateToolsSwift (5.0.0)
  - Differentiator (4.0.1)
  - DZNEmptyDataSet (1.8.1)
  - HandyJSON (5.0.2)
  - Hero (1.5.0)
  - IQKeyboardManagerSwift (6.5.6)
  - JXSegmentedView (1.2.7)
  - KeychainAccess (4.2.1)
  - Kingfisher (5.15.8):
    - Kingfisher/Core (= 5.15.8)
  - Kingfisher/Core (5.15.8)
  - LookinServer (1.0.0)
  - MBProgressHUD (1.2.0)
  - MJRefresh (3.5.0)
  - "NSObject+Rx (5.1.0)":
    - RxSwift (~> 5.1)
  - pop (1.0.11)
  - Protobuf (3.14.0)
  - R.swift (5.3.1):
    - R.swift.Library (~> 5.3.0)
  - R.swift.Library (5.3.0)
  - RxCocoa (5.1.1):
    - RxRelay (~> 5)
    - RxSwift (~> 5)
  - RxDataSources (4.0.1):
    - Differentiator (~> 4.0)
    - RxCocoa (~> 5.0)
    - RxSwift (~> 5.0)
  - RxGesture (3.0.2):
    - RxCocoa (~> 5.1)
    - RxSwift (~> 5.1)
  - RxOptional (4.1.0):
    - RxCocoa (~> 5)
    - RxSwift (~> 5)
  - RxRelay (5.1.1):
    - RxSwift (~> 5)
  - RxSwift (5.1.1)
  - SDWebImage (5.10.0):
    - SDWebImage/Core (= 5.10.0)
  - SDWebImage/Core (5.10.0)
  - SnapKit (4.2.0)
  - SSZipArchive (2.2.3)
  - SVGAPlayer (2.5.6):
    - SVGAPlayer/Core (= 2.5.6)
    - SVGAPlayer/ProtoFiles (= 2.5.6)
  - SVGAPlayer/Core (2.5.6):
    - SSZipArchive (>= 1.8.1)
    - SVGAPlayer/ProtoFiles
  - SVGAPlayer/ProtoFiles (2.5.6):
    - Protobuf (~> 3.4)
  - SwiftDate (6.3.1)
  - SwifterSwift (5.2.0):
    - SwifterSwift/AppKit (= 5.2.0)
    - SwifterSwift/CoreAnimation (= 5.2.0)
    - SwifterSwift/CoreGraphics (= 5.2.0)
    - SwifterSwift/CoreLocation (= 5.2.0)
    - SwifterSwift/Dispatch (= 5.2.0)
    - SwifterSwift/Foundation (= 5.2.0)
    - SwifterSwift/MapKit (= 5.2.0)
    - SwifterSwift/SceneKit (= 5.2.0)
    - SwifterSwift/SpriteKit (= 5.2.0)
    - SwifterSwift/StoreKit (= 5.2.0)
    - SwifterSwift/SwiftStdlib (= 5.2.0)
    - SwifterSwift/UIKit (= 5.2.0)
  - SwifterSwift/AppKit (5.2.0)
  - SwifterSwift/CoreAnimation (5.2.0)
  - SwifterSwift/CoreGraphics (5.2.0)
  - SwifterSwift/CoreLocation (5.2.0)
  - SwifterSwift/Dispatch (5.2.0)
  - SwifterSwift/Foundation (5.2.0)
  - SwifterSwift/MapKit (5.2.0)
  - SwifterSwift/SceneKit (5.2.0)
  - SwifterSwift/SpriteKit (5.2.0)
  - SwifterSwift/StoreKit (5.2.0)
  - SwifterSwift/SwiftStdlib (5.2.0)
  - SwifterSwift/UIKit (5.2.0)
  - SwiftyJSON (5.0.0)
  - UINavigation-SXFixSpace (1.2.4)
  - UMCCommon (7.1.1)
  - YYKit (1.0.9):
    - YYKit/no-arc (= 1.0.9)
  - YYKit/no-arc (1.0.9)
  - ZLPhotoBrowser (4.1.1):
    - ZLPhotoBrowser/Core (= 4.1.1)
  - ZLPhotoBrowser/Core (4.1.1)

DEPENDENCIES:
  - Alamofire
  - Bugly
  - DateToolsSwift (~> 5.0)
  - DZNEmptyDataSet (~> 1.0)
  - HandyJSON
  - Hero
  - IQKeyboardManagerSwift (~> 6.0)
  - JXSegmentedView
  - KeychainAccess (~> 4.0)
  - Kingfisher (= 5.15.8)
  - LookinServer
  - MBProgressHUD
  - MJRefresh
  - "NSObject+Rx"
  - pop (from `https://github.com/facebook/pop.git`)
  - R.swift
  - RxCocoa
  - RxDataSources
  - RxGesture (~> 3.0)
  - RxOptional (~> 4.0)
  - RxSwift
  - SDWebImage
  - SnapKit
  - SVGAPlayer
  - SwiftDate (~> 6.0)
  - SwifterSwift (~> 5.0)
  - SwiftyJSON
  - UINavigation-SXFixSpace (~> 1.2.4)
  - UMCCommon
  - YYKit
  - ZLPhotoBrowser

SPEC REPOS:
  https://github.com/CocoaPods/Specs.git:
    - Alamofire
    - Bugly
    - DateToolsSwift
    - Differentiator
    - DZNEmptyDataSet
    - HandyJSON
    - Hero
    - IQKeyboardManagerSwift
    - JXSegmentedView
    - KeychainAccess
    - Kingfisher
    - LookinServer
    - MBProgressHUD
    - MJRefresh
    - "NSObject+Rx"
    - Protobuf
    - R.swift
    - R.swift.Library
    - RxCocoa
    - RxDataSources
    - RxGesture
    - RxOptional
    - RxRelay
    - RxSwift
    - SDWebImage
    - SnapKit
    - SSZipArchive
    - SVGAPlayer
    - SwiftDate
    - SwifterSwift
    - SwiftyJSON
    - UINavigation-SXFixSpace
    - UMCCommon
    - YYKit
    - ZLPhotoBrowser

EXTERNAL SOURCES:
  pop:
    :git: https://github.com/facebook/pop.git

CHECKOUT OPTIONS:
  pop:
    :commit: 87d1f8b74cdaa4699d7a9f6be1ff5202014c581f
    :git: https://github.com/facebook/pop.git

SPEC CHECKSUMS:
  Alamofire: 814429acc853c6c54ff123fc3d2ef66803823ce0
  Bugly: fd066c75c4a0eca1440f9b6a84bd37d51bfc85ac
  DateToolsSwift: 4207ada6ad615d8dc076323d27037c94916dbfa6
  Differentiator: 886080237d9f87f322641dedbc5be257061b0602
  DZNEmptyDataSet: 9525833b9e68ac21c30253e1d3d7076cc828eaa7
  HandyJSON: 9e4e236f5d2dbefad5155a77417bbea438201c03
  Hero: b7385b75e7259da62f4f85462f59a5082d66b058
  IQKeyboardManagerSwift: c7df9d2deb356c04522f5c4b7b6e4ce4d8ed94fe
  JXSegmentedView: eb1cad21f57c2543c00c3e08b8fd3c7ca54f5acd
  KeychainAccess: 9b07f665298d13c3a85881bd3171f6f49b8151c1
  Kingfisher: a3c03d702433fa6cfedabb2bddbe076fb8f2e902
  LookinServer: 0002891cd3cec5e082a910e897dfe71b4f06b89e
  MBProgressHUD: 3ee5efcc380f6a79a7cc9b363dd669c5e1ae7406
  MJRefresh: 6afc955813966afb08305477dd7a0d9ad5e79a16
  "NSObject+Rx": fa6bbcc1ab1faa06b01466bc09b1e0692bbc5946
  pop: ae3ae187018759968252242e175c21f7f9be5dd2
  Protobuf: 0cde852566359049847168e51bd1c690e0f70056
  R.swift: 56ec7e3aef34b9eee47a659e42462db2c1cc5ac3
  R.swift.Library: 0fc583cb55a99e28901299cc451614cad1161962
  RxCocoa: 32065309a38d29b5b0db858819b5bf9ef038b601
  RxDataSources: efee07fa4de48477eca0a4611e6d11e2da9c1114
  RxGesture: d6bd7447ca3a596c7a9702a6a2b6a2bb5d8bae54
  RxOptional: b1fcd60856807a564c0215c2184b8d33e7826dc2
  RxRelay: d77f7d771495f43c556cbc43eebd1bb54d01e8e9
  RxSwift: 81470a2074fa8780320ea5fe4102807cb7118178
  SDWebImage: 9169792e9eec3e45bba2a0c02f74bf8bd922d1ee
  SnapKit: fe8a619752f3f27075cc9a90244d75c6c3f27e2a
  SSZipArchive: 62d4947b08730e4cda640473b0066d209ff033c9
  SVGAPlayer: f3b3792ae66f7cb3f944ae373a40864db9a04331
  SwiftDate: 72d28954e8e1c6c1c0f917ccc8005e4f83c7d4b2
  SwifterSwift: 334181863c416882d97b7a60c05054d9e4d799e2
  SwiftyJSON: 36413e04c44ee145039d332b4f4e2d3e8d6c4db7
  UINavigation-SXFixSpace: 10f223253ebff2ceefa26694e23b7694269763c4
  UMCCommon: f455f92c125342e360d6ad9eafe484945351eeb5
  YYKit: 7cda43304a8dc3696c449041e2cb3107b4e236e7
  ZLPhotoBrowser: c1e44cd677525b272d2800078d8c428b9de97019

PODFILE CHECKSUM: eadd52a0e23fd7a842a0d6a9af277bdafb944265

COCOAPODS: 1.9.1
