PODS:
  - AFNetworking (3.2.1):
    - AFNetworking/NSURLSession (= 3.2.1)
    - AFNetworking/Reachability (= 3.2.1)
    - AFNetworking/Security (= 3.2.1)
    - AFNetworking/Serialization (= 3.2.1)
    - AFNetworking/UIKit (= 3.2.1)
  - AFNetworking/NSURLSession (3.2.1):
    - AFNetworking/Reachability
    - AFNetworking/Security
    - AFNetworking/Serialization
  - AFNetworking/Reachability (3.2.1)
  - AFNetworking/Security (3.2.1)
  - AFNetworking/Serialization (3.2.1)
  - AFNetworking/UIKit (3.2.1):
    - AFNetworking/NSURLSession
  - BRPickerView (2.3.8):
    - BRPickerView/AddressPickerView (= 2.3.8)
    - BRPickerView/Base (= 2.3.8)
    - BRPickerView/DatePickerView (= 2.3.8)
    - BRPickerView/StringPickerView (= 2.3.8)
  - BRPickerView/AddressPickerView (2.3.8):
    - BRPickerView/Base
  - BRPickerView/Base (2.3.8)
  - BRPickerView/DatePickerView (2.3.8):
    - BRPickerView/Base
  - BRPickerView/StringPickerView (2.3.8):
    - BRPickerView/Base
  - Masonry (1.1.0)
  - MBProgressHUD (1.1.0)
  - MJRefresh (3.1.16)
  - ReactiveObjC (3.1.1)
  - UINavigation-SXFixSpace (1.0.6)
  - WechatOpenSDK (1.8.6)

DEPENDENCIES:
  - AFNetworking
  - BRPickerView
  - Masonry
  - MBProgressHUD
  - MJRefresh
  - ReactiveObjC
  - UINavigation-SXFixSpace (~> 1.0.6)
  - WechatOpenSDK

SPEC REPOS:
  https://github.com/cocoapods/specs.git:
    - AFNetworking
    - BRPickerView
    - Masonry
    - MBProgressHUD
    - MJRefresh
    - ReactiveObjC
    - UINavigation-SXFixSpace
    - WechatOpenSDK

SPEC CHECKSUMS:
  AFNetworking: b6f891fdfaed196b46c7a83cf209e09697b94057
  BRPickerView: 898c3cef04fab3f785d3f54a2ef1f03d803cc990
  Masonry: 678fab65091a9290e40e2832a55e7ab731aad201
  MBProgressHUD: e7baa36a220447d8aeb12769bf0585582f3866d9
  MJRefresh: 7798e16e53a5ef7f332dd05b27664db4e29530fd
  ReactiveObjC: 011caa393aa0383245f2dcf9bf02e86b80b36040
  UINavigation-SXFixSpace: 796b8adf7f3022f1579c791097b3bfed5cb5e3fb
  WechatOpenSDK: 368ae03b72ee3ea1328c4f11326fbb5d2721d118

PODFILE CHECKSUM: d7889e3806e780a7b9e3b55b9b6cf70fd172438d

COCOAPODS: 1.6.1
