// !$*UTF8*$!
{
	archiveVersion = 1;
	classes = {
	};
	objectVersion = 52;
	objects = {

/* Begin PBXBuildFile section */
		26D071273C29DF373A8C395B /* libPods-HTPlace.a in Frameworks */ = {isa = PBXBuildFile; fileRef = 0085E9162CF1E8960E2D8677 /* libPods-HTPlace.a */; };
		AAAA5EB225187B330059F4DD /* LaunchScreen.storyboard in Resources */ = {isa = PBXBuildFile; fileRef = AAAA5D9B25187B320059F4DD /* LaunchScreen.storyboard */; };
		AAAA5EB325187B330059F4DD /* Main.storyboard in Resources */ = {isa = PBXBuildFile; fileRef = AAAA5D9D25187B320059F4DD /* Main.storyboard */; };
		AAAA5EB625187B330059F4DD /* Assets.xcassets in Resources */ = {isa = PBXBuildFile; fileRef = AAAA5DA325187B320059F4DD /* Assets.xcassets */; };
		AAAA5EB725187B330059F4DD /* HomeViewControllerViewModel.m in Sources */ = {isa = PBXBuildFile; fileRef = AAAA5DA825187B320059F4DD /* HomeViewControllerViewModel.m */; };
		AAAA5EB825187B330059F4DD /* AnimationManager.m in Sources */ = {isa = PBXBuildFile; fileRef = AAAA5DAA25187B320059F4DD /* AnimationManager.m */; };
		AAAA5EB925187B330059F4DD /* NavgationAnimationManager.m in Sources */ = {isa = PBXBuildFile; fileRef = AAAA5DAC25187B320059F4DD /* NavgationAnimationManager.m */; };
		AAAA5EBA25187B330059F4DD /* HomeViewSub.m in Sources */ = {isa = PBXBuildFile; fileRef = AAAA5DAF25187B320059F4DD /* HomeViewSub.m */; };
		AAAA5EBB25187B330059F4DD /* UIView+InterViewUIVIew.m in Sources */ = {isa = PBXBuildFile; fileRef = AAAA5DB125187B320059F4DD /* UIView+InterViewUIVIew.m */; };
		AAAA5EBC25187B330059F4DD /* HomeView.m in Sources */ = {isa = PBXBuildFile; fileRef = AAAA5DB525187B320059F4DD /* HomeView.m */; };
		AAAA5EBD25187B330059F4DD /* HomeRecommadCollectionView.m in Sources */ = {isa = PBXBuildFile; fileRef = AAAA5DB725187B320059F4DD /* HomeRecommadCollectionView.m */; };
		AAAA5EBE25187B330059F4DD /* HomeViewController.m in Sources */ = {isa = PBXBuildFile; fileRef = AAAA5DB925187B320059F4DD /* HomeViewController.m */; };
		AAAA5EBF25187B330059F4DD /* HomeViewController2.m in Sources */ = {isa = PBXBuildFile; fileRef = AAAA5DBA25187B320059F4DD /* HomeViewController2.m */; };
		AAAA5EC325187B330059F4DD /* YNPubulishProgressView.m in Sources */ = {isa = PBXBuildFile; fileRef = AAAA5DC725187B320059F4DD /* YNPubulishProgressView.m */; };
		AAAA5F0C25187B330059F4DD /* HTInterviewRunLoop.m in Sources */ = {isa = PBXBuildFile; fileRef = AAAA5EA325187B330059F4DD /* HTInterviewRunLoop.m */; };
		AAAA5F0D25187B330059F4DD /* HTInterViewUI.m in Sources */ = {isa = PBXBuildFile; fileRef = AAAA5EA625187B330059F4DD /* HTInterViewUI.m */; };
		AAAA5F0E25187B330059F4DD /* HTInterviewLanguage.m in Sources */ = {isa = PBXBuildFile; fileRef = AAAA5EA925187B330059F4DD /* HTInterviewLanguage.m */; };
		AAAA5F0F25187B330059F4DD /* HTThreadLock.m in Sources */ = {isa = PBXBuildFile; fileRef = AAAA5EAD25187B330059F4DD /* HTThreadLock.m */; };
		AAAA5F1025187B330059F4DD /* HTInterviewNSThread.m in Sources */ = {isa = PBXBuildFile; fileRef = AAAA5EAF25187B330059F4DD /* HTInterviewNSThread.m */; };
		AAAA62192518828C0059F4DD /* HTAppDelegate.swift in Sources */ = {isa = PBXBuildFile; fileRef = AAAA62182518828C0059F4DD /* HTAppDelegate.swift */; };
		AAB107F925412F5A0048EE66 /* AccountInfo.swift in Sources */ = {isa = PBXBuildFile; fileRef = AAB107F825412F5A0048EE66 /* AccountInfo.swift */; };
		AABB4E212546B3C700BE70F7 /* BaseViewController.swift in Sources */ = {isa = PBXBuildFile; fileRef = AABB4E202546B3C700BE70F7 /* BaseViewController.swift */; };
		AACA3C4A2546A9FD00F55BB9 /* ViewController1.swift in Sources */ = {isa = PBXBuildFile; fileRef = AACA3C492546A9FD00F55BB9 /* ViewController1.swift */; };
		AADD462B2553B43E009142FE /* HTBox in Frameworks */ = {isa = PBXBuildFile; productRef = AADD462A2553B43E009142FE /* HTBox */; };
		AADD467D2553C6B3009142FE /* HTCommonUIExtension.swift in Sources */ = {isa = PBXBuildFile; fileRef = AADD462F2553C6B2009142FE /* HTCommonUIExtension.swift */; };
		AADD467E2553C6B3009142FE /* HTImageViewExtension.swift in Sources */ = {isa = PBXBuildFile; fileRef = AADD46312553C6B2009142FE /* HTImageViewExtension.swift */; };
		AADD467F2553C6B3009142FE /* HTLabelExtension.swift in Sources */ = {isa = PBXBuildFile; fileRef = AADD46332553C6B2009142FE /* HTLabelExtension.swift */; };
		AADD46802553C6B3009142FE /* HTNavigationControllerExtension.swift in Sources */ = {isa = PBXBuildFile; fileRef = AADD46362553C6B2009142FE /* HTNavigationControllerExtension.swift */; };
		AADD46812553C6B3009142FE /* HTContollerExtention.swift in Sources */ = {isa = PBXBuildFile; fileRef = AADD46372553C6B2009142FE /* HTContollerExtention.swift */; };
		AADD46822553C6B3009142FE /* HTImageExtension.swift in Sources */ = {isa = PBXBuildFile; fileRef = AADD463A2553C6B2009142FE /* HTImageExtension.swift */; };
		AADD46832553C6B3009142FE /* UIImage+HTImage.m in Sources */ = {isa = PBXBuildFile; fileRef = AADD463B2553C6B2009142FE /* UIImage+HTImage.m */; };
		AADD46842553C6B3009142FE /* HTQMUIButtonExtension.swift in Sources */ = {isa = PBXBuildFile; fileRef = AADD463E2553C6B2009142FE /* HTQMUIButtonExtension.swift */; };
		AADD46852553C6B3009142FE /* HTButtonExtension.swift in Sources */ = {isa = PBXBuildFile; fileRef = AADD463F2553C6B2009142FE /* HTButtonExtension.swift */; };
		AADD46862553C6B3009142FE /* HTViewExtension.swift in Sources */ = {isa = PBXBuildFile; fileRef = AADD46412553C6B2009142FE /* HTViewExtension.swift */; };
		AADD46872553C6B3009142FE /* HTStringExtension.swift in Sources */ = {isa = PBXBuildFile; fileRef = AADD46442553C6B2009142FE /* HTStringExtension.swift */; };
		AADD46882553C6B3009142FE /* HTFontExtension.swift in Sources */ = {isa = PBXBuildFile; fileRef = AADD46462553C6B2009142FE /* HTFontExtension.swift */; };
		AADD46892553C6B3009142FE /* HTLayoutTool.swift in Sources */ = {isa = PBXBuildFile; fileRef = AADD46492553C6B2009142FE /* HTLayoutTool.swift */; };
		AADD468A2553C6B3009142FE /* HTBoxColor.swift in Sources */ = {isa = PBXBuildFile; fileRef = AADD464B2553C6B2009142FE /* HTBoxColor.swift */; };
		AADD468B2553C6B3009142FE /* HTCommonToolExtension.swift in Sources */ = {isa = PBXBuildFile; fileRef = AADD464D2553C6B2009142FE /* HTCommonToolExtension.swift */; };
		AADD468C2553C6B3009142FE /* HTCollectionView.swift in Sources */ = {isa = PBXBuildFile; fileRef = AADD46502553C6B2009142FE /* HTCollectionView.swift */; };
		AADD468D2553C6B3009142FE /* HTButton.swift in Sources */ = {isa = PBXBuildFile; fileRef = AADD46522553C6B2009142FE /* HTButton.swift */; };
		AADD468E2553C6B3009142FE /* HTTabbarComponents.swift in Sources */ = {isa = PBXBuildFile; fileRef = AADD46582553C6B3009142FE /* HTTabbarComponents.swift */; };
		AADD468F2553C6B3009142FE /* HTTabbarViewController.swift in Sources */ = {isa = PBXBuildFile; fileRef = AADD465A2553C6B3009142FE /* HTTabbarViewController.swift */; };
		AADD46902553C6B3009142FE /* HTTableViewViewModel.swift in Sources */ = {isa = PBXBuildFile; fileRef = AADD465F2553C6B3009142FE /* HTTableViewViewModel.swift */; };
		AADD46912553C6B3009142FE /* HTTableViewController.swift in Sources */ = {isa = PBXBuildFile; fileRef = AADD46612553C6B3009142FE /* HTTableViewController.swift */; };
		AADD46922553C6B3009142FE /* HTTableView.swift in Sources */ = {isa = PBXBuildFile; fileRef = AADD46632553C6B3009142FE /* HTTableView.swift */; };
		AADD46932553C6B3009142FE /* HTTableViewCell.swift in Sources */ = {isa = PBXBuildFile; fileRef = AADD46652553C6B3009142FE /* HTTableViewCell.swift */; };
		AADD46942553C6B3009142FE /* HTViewModel.swift in Sources */ = {isa = PBXBuildFile; fileRef = AADD46682553C6B3009142FE /* HTViewModel.swift */; };
		AADD46952553C6B3009142FE /* HTViewController.swift in Sources */ = {isa = PBXBuildFile; fileRef = AADD466A2553C6B3009142FE /* HTViewController.swift */; };
		AADD46962553C6B3009142FE /* HTCommonView.swift in Sources */ = {isa = PBXBuildFile; fileRef = AADD466C2553C6B3009142FE /* HTCommonView.swift */; };
		AADD46972553C6B3009142FE /* HTBoxScreen.swift in Sources */ = {isa = PBXBuildFile; fileRef = AADD466E2553C6B3009142FE /* HTBoxScreen.swift */; };
		AADD46982553C6B3009142FE /* HTMacro.swift in Sources */ = {isa = PBXBuildFile; fileRef = AADD46702553C6B3009142FE /* HTMacro.swift */; };
		AADD46992553C6B3009142FE /* HTDebubgerViewController.swift in Sources */ = {isa = PBXBuildFile; fileRef = AADD46722553C6B3009142FE /* HTDebubgerViewController.swift */; };
		AADD469A2553C6B3009142FE /* HTDebugger.swift in Sources */ = {isa = PBXBuildFile; fileRef = AADD46732553C6B3009142FE /* HTDebugger.swift */; };
		AADD469B2553C6B3009142FE /* HTDataTool.swift in Sources */ = {isa = PBXBuildFile; fileRef = AADD467A2553C6B3009142FE /* HTDataTool.swift */; };
		AADD469C2553C6B3009142FE /* HTAppInfo.swift in Sources */ = {isa = PBXBuildFile; fileRef = AADD467C2553C6B3009142FE /* HTAppInfo.swift */; };
		AADD469F2553C773009142FE /* HTAlert.swift in Sources */ = {isa = PBXBuildFile; fileRef = AADD469E2553C773009142FE /* HTAlert.swift */; };
		AAE0710A25419D9000053E31 /* TabbarController.swift in Sources */ = {isa = PBXBuildFile; fileRef = AAE0710925419D9000053E31 /* TabbarController.swift */; };
/* End PBXBuildFile section */

/* Begin PBXContainerItemProxy section */
		AACA3C442546A00300F55BB9 /* PBXContainerItemProxy */ = {
			isa = PBXContainerItemProxy;
			containerPortal = AA3B81AA242B21A600E5C680 /* Project object */;
			proxyType = 1;
			remoteGlobalIDString = AA3B81B1242B21A600E5C680;
			remoteInfo = HTPlace;
		};
/* End PBXContainerItemProxy section */

/* Begin PBXFileReference section */
		0085E9162CF1E8960E2D8677 /* libPods-HTPlace.a */ = {isa = PBXFileReference; explicitFileType = archive.ar; includeInIndex = 0; path = "libPods-HTPlace.a"; sourceTree = BUILT_PRODUCTS_DIR; };
		0A5B71F06587A49A8F844122 /* Pods-HTPlace.debug.xcconfig */ = {isa = PBXFileReference; includeInIndex = 1; lastKnownFileType = text.xcconfig; name = "Pods-HTPlace.debug.xcconfig"; path = "Target Support Files/Pods-HTPlace/Pods-HTPlace.debug.xcconfig"; sourceTree = "<group>"; };
		35D8DF99744B60D1075BF3A0 /* Pods-HTPlace.release.xcconfig */ = {isa = PBXFileReference; includeInIndex = 1; lastKnownFileType = text.xcconfig; name = "Pods-HTPlace.release.xcconfig"; path = "Target Support Files/Pods-HTPlace/Pods-HTPlace.release.xcconfig"; sourceTree = "<group>"; };
		66F891D2E6E68CB205269B03 /* Pods-HTPlace1.debug.xcconfig */ = {isa = PBXFileReference; includeInIndex = 1; lastKnownFileType = text.xcconfig; name = "Pods-HTPlace1.debug.xcconfig"; path = "Target Support Files/Pods-HTPlace1/Pods-HTPlace1.debug.xcconfig"; sourceTree = "<group>"; };
		AA3B81B2242B21A600E5C680 /* HTPlace.app */ = {isa = PBXFileReference; explicitFileType = wrapper.application; includeInIndex = 0; path = HTPlace.app; sourceTree = BUILT_PRODUCTS_DIR; };
		AAA911E52553A47600E9A98C /* XCTestManifests.swift */ = {isa = PBXFileReference; lastKnownFileType = sourcecode.swift; path = XCTestManifests.swift; sourceTree = "<group>"; };
		AAA911E62553A47600E9A98C /* HTboxSPTests.swift */ = {isa = PBXFileReference; lastKnownFileType = sourcecode.swift; path = HTboxSPTests.swift; sourceTree = "<group>"; };
		AAA911E72553A47600E9A98C /* LinuxMain.swift */ = {isa = PBXFileReference; lastKnownFileType = sourcecode.swift; path = LinuxMain.swift; sourceTree = "<group>"; };
		AAA911E82553A47600E9A98C /* README.md */ = {isa = PBXFileReference; lastKnownFileType = net.daringfireball.markdown; path = README.md; sourceTree = "<group>"; };
		AAA911E92553A47600E9A98C /* .gitignore */ = {isa = PBXFileReference; lastKnownFileType = text; path = .gitignore; sourceTree = "<group>"; };
		AAA911EA2553A47600E9A98C /* Package.swift */ = {isa = PBXFileReference; lastKnownFileType = sourcecode.swift; path = Package.swift; sourceTree = "<group>"; };
		AAA911ED2553A47600E9A98C /* HTboxSP.swift */ = {isa = PBXFileReference; lastKnownFileType = sourcecode.swift; path = HTboxSP.swift; sourceTree = "<group>"; };
		AAA911F02553A47600E9A98C /* package.xcworkspace */ = {isa = PBXFileReference; lastKnownFileType = wrapper.workspace; path = package.xcworkspace; sourceTree = "<group>"; };
		AAA911F42553A47600E9A98C /* xcschememanagement.plist */ = {isa = PBXFileReference; lastKnownFileType = text.plist.xml; path = xcschememanagement.plist; sourceTree = "<group>"; };
		AAAA5D9C25187B320059F4DD /* Base */ = {isa = PBXFileReference; lastKnownFileType = file.storyboard; name = Base; path = Base.lproj/LaunchScreen.storyboard; sourceTree = "<group>"; };
		AAAA5D9E25187B320059F4DD /* Base */ = {isa = PBXFileReference; lastKnownFileType = file.storyboard; name = Base; path = Base.lproj/Main.storyboard; sourceTree = "<group>"; };
		AAAA5DA025187B320059F4DD /* PchFile.pch */ = {isa = PBXFileReference; fileEncoding = 4; lastKnownFileType = sourcecode.c.h; path = PchFile.pch; sourceTree = "<group>"; };
		AAAA5DA325187B320059F4DD /* Assets.xcassets */ = {isa = PBXFileReference; lastKnownFileType = folder.assetcatalog; path = Assets.xcassets; sourceTree = "<group>"; };
		AAAA5DA725187B320059F4DD /* HomeViewControllerViewModel.h */ = {isa = PBXFileReference; fileEncoding = 4; lastKnownFileType = sourcecode.c.h; path = HomeViewControllerViewModel.h; sourceTree = "<group>"; };
		AAAA5DA825187B320059F4DD /* HomeViewControllerViewModel.m */ = {isa = PBXFileReference; fileEncoding = 4; lastKnownFileType = sourcecode.c.objc; path = HomeViewControllerViewModel.m; sourceTree = "<group>"; };
		AAAA5DAA25187B320059F4DD /* AnimationManager.m */ = {isa = PBXFileReference; fileEncoding = 4; lastKnownFileType = sourcecode.c.objc; path = AnimationManager.m; sourceTree = "<group>"; };
		AAAA5DAB25187B320059F4DD /* NavgationAnimationManager.h */ = {isa = PBXFileReference; fileEncoding = 4; lastKnownFileType = sourcecode.c.h; path = NavgationAnimationManager.h; sourceTree = "<group>"; };
		AAAA5DAC25187B320059F4DD /* NavgationAnimationManager.m */ = {isa = PBXFileReference; fileEncoding = 4; lastKnownFileType = sourcecode.c.objc; path = NavgationAnimationManager.m; sourceTree = "<group>"; };
		AAAA5DAD25187B320059F4DD /* AnimationManager.h */ = {isa = PBXFileReference; fileEncoding = 4; lastKnownFileType = sourcecode.c.h; path = AnimationManager.h; sourceTree = "<group>"; };
		AAAA5DAF25187B320059F4DD /* HomeViewSub.m */ = {isa = PBXFileReference; fileEncoding = 4; lastKnownFileType = sourcecode.c.objc; path = HomeViewSub.m; sourceTree = "<group>"; };
		AAAA5DB025187B320059F4DD /* HomeRecommadCollectionView.h */ = {isa = PBXFileReference; fileEncoding = 4; lastKnownFileType = sourcecode.c.h; path = HomeRecommadCollectionView.h; sourceTree = "<group>"; };
		AAAA5DB125187B320059F4DD /* UIView+InterViewUIVIew.m */ = {isa = PBXFileReference; fileEncoding = 4; lastKnownFileType = sourcecode.c.objc; path = "UIView+InterViewUIVIew.m"; sourceTree = "<group>"; };
		AAAA5DB225187B320059F4DD /* HomeView.h */ = {isa = PBXFileReference; fileEncoding = 4; lastKnownFileType = sourcecode.c.h; path = HomeView.h; sourceTree = "<group>"; };
		AAAA5DB325187B320059F4DD /* UIView+Home.h */ = {isa = PBXFileReference; fileEncoding = 4; lastKnownFileType = sourcecode.c.h; path = "UIView+Home.h"; sourceTree = "<group>"; };
		AAAA5DB425187B320059F4DD /* HomeViewSub.h */ = {isa = PBXFileReference; fileEncoding = 4; lastKnownFileType = sourcecode.c.h; path = HomeViewSub.h; sourceTree = "<group>"; };
		AAAA5DB525187B320059F4DD /* HomeView.m */ = {isa = PBXFileReference; fileEncoding = 4; lastKnownFileType = sourcecode.c.objc; path = HomeView.m; sourceTree = "<group>"; };
		AAAA5DB625187B320059F4DD /* UIView+InterViewUIVIew.h */ = {isa = PBXFileReference; fileEncoding = 4; lastKnownFileType = sourcecode.c.h; path = "UIView+InterViewUIVIew.h"; sourceTree = "<group>"; };
		AAAA5DB725187B320059F4DD /* HomeRecommadCollectionView.m */ = {isa = PBXFileReference; fileEncoding = 4; lastKnownFileType = sourcecode.c.objc; path = HomeRecommadCollectionView.m; sourceTree = "<group>"; };
		AAAA5DB925187B320059F4DD /* HomeViewController.m */ = {isa = PBXFileReference; fileEncoding = 4; lastKnownFileType = sourcecode.c.objc; path = HomeViewController.m; sourceTree = "<group>"; };
		AAAA5DBA25187B320059F4DD /* HomeViewController2.m */ = {isa = PBXFileReference; fileEncoding = 4; lastKnownFileType = sourcecode.c.objc; path = HomeViewController2.m; sourceTree = "<group>"; };
		AAAA5DBB25187B320059F4DD /* HomeViewController.h */ = {isa = PBXFileReference; fileEncoding = 4; lastKnownFileType = sourcecode.c.h; path = HomeViewController.h; sourceTree = "<group>"; };
		AAAA5DBC25187B320059F4DD /* HomeViewController2.h */ = {isa = PBXFileReference; fileEncoding = 4; lastKnownFileType = sourcecode.c.h; path = HomeViewController2.h; sourceTree = "<group>"; };
		AAAA5DC625187B320059F4DD /* YNPubulishProgressView.h */ = {isa = PBXFileReference; fileEncoding = 4; lastKnownFileType = sourcecode.c.h; path = YNPubulishProgressView.h; sourceTree = "<group>"; };
		AAAA5DC725187B320059F4DD /* YNPubulishProgressView.m */ = {isa = PBXFileReference; fileEncoding = 4; lastKnownFileType = sourcecode.c.objc; path = YNPubulishProgressView.m; sourceTree = "<group>"; };
		AAAA5DF025187B320059F4DD /* Info.plist */ = {isa = PBXFileReference; fileEncoding = 4; lastKnownFileType = text.plist.xml; path = Info.plist; sourceTree = "<group>"; };
		AAAA5EA225187B330059F4DD /* HTInterviewRunLoop.h */ = {isa = PBXFileReference; fileEncoding = 4; lastKnownFileType = sourcecode.c.h; path = HTInterviewRunLoop.h; sourceTree = "<group>"; };
		AAAA5EA325187B330059F4DD /* HTInterviewRunLoop.m */ = {isa = PBXFileReference; fileEncoding = 4; lastKnownFileType = sourcecode.c.objc; path = HTInterviewRunLoop.m; sourceTree = "<group>"; };
		AAAA5EA525187B330059F4DD /* HTInterViewUI.h */ = {isa = PBXFileReference; fileEncoding = 4; lastKnownFileType = sourcecode.c.h; path = HTInterViewUI.h; sourceTree = "<group>"; };
		AAAA5EA625187B330059F4DD /* HTInterViewUI.m */ = {isa = PBXFileReference; fileEncoding = 4; lastKnownFileType = sourcecode.c.objc; path = HTInterViewUI.m; sourceTree = "<group>"; };
		AAAA5EA825187B330059F4DD /* HTInterviewLanguage.h */ = {isa = PBXFileReference; fileEncoding = 4; lastKnownFileType = sourcecode.c.h; path = HTInterviewLanguage.h; sourceTree = "<group>"; };
		AAAA5EA925187B330059F4DD /* HTInterviewLanguage.m */ = {isa = PBXFileReference; fileEncoding = 4; lastKnownFileType = sourcecode.c.objc; path = HTInterviewLanguage.m; sourceTree = "<group>"; };
		AAAA5EAC25187B330059F4DD /* HTThreadLock.h */ = {isa = PBXFileReference; fileEncoding = 4; lastKnownFileType = sourcecode.c.h; path = HTThreadLock.h; sourceTree = "<group>"; };
		AAAA5EAD25187B330059F4DD /* HTThreadLock.m */ = {isa = PBXFileReference; fileEncoding = 4; lastKnownFileType = sourcecode.c.objc; path = HTThreadLock.m; sourceTree = "<group>"; };
		AAAA5EAF25187B330059F4DD /* HTInterviewNSThread.m */ = {isa = PBXFileReference; fileEncoding = 4; lastKnownFileType = sourcecode.c.objc; path = HTInterviewNSThread.m; sourceTree = "<group>"; };
		AAAA5EB025187B330059F4DD /* HTInterviewNSThread.h */ = {isa = PBXFileReference; fileEncoding = 4; lastKnownFileType = sourcecode.c.h; path = HTInterviewNSThread.h; sourceTree = "<group>"; };
		AAAA62182518828C0059F4DD /* HTAppDelegate.swift */ = {isa = PBXFileReference; lastKnownFileType = sourcecode.swift; path = HTAppDelegate.swift; sourceTree = "<group>"; };
		AAAB76E52550FEE100504520 /* HTBridgeFile.h */ = {isa = PBXFileReference; fileEncoding = 4; lastKnownFileType = sourcecode.c.h; path = HTBridgeFile.h; sourceTree = "<group>"; };
		AAB107F825412F5A0048EE66 /* AccountInfo.swift */ = {isa = PBXFileReference; lastKnownFileType = sourcecode.swift; path = AccountInfo.swift; sourceTree = "<group>"; };
		AABB4E202546B3C700BE70F7 /* BaseViewController.swift */ = {isa = PBXFileReference; lastKnownFileType = sourcecode.swift; path = BaseViewController.swift; sourceTree = "<group>"; };
		AACA3C3F2546A00300F55BB9 /* HTPlaceTests.xctest */ = {isa = PBXFileReference; explicitFileType = wrapper.cfbundle; includeInIndex = 0; path = HTPlaceTests.xctest; sourceTree = BUILT_PRODUCTS_DIR; };
		AACA3C492546A9FD00F55BB9 /* ViewController1.swift */ = {isa = PBXFileReference; lastKnownFileType = sourcecode.swift; path = ViewController1.swift; sourceTree = "<group>"; };
		AADD46292553B27F009142FE /* HTBox */ = {isa = PBXFileReference; lastKnownFileType = folder; name = HTBox; path = SPM/HTBox; sourceTree = "<group>"; };
		AADD462F2553C6B2009142FE /* HTCommonUIExtension.swift */ = {isa = PBXFileReference; fileEncoding = 4; lastKnownFileType = sourcecode.swift; path = HTCommonUIExtension.swift; sourceTree = "<group>"; };
		AADD46312553C6B2009142FE /* HTImageViewExtension.swift */ = {isa = PBXFileReference; fileEncoding = 4; lastKnownFileType = sourcecode.swift; path = HTImageViewExtension.swift; sourceTree = "<group>"; };
		AADD46332553C6B2009142FE /* HTLabelExtension.swift */ = {isa = PBXFileReference; fileEncoding = 4; lastKnownFileType = sourcecode.swift; path = HTLabelExtension.swift; sourceTree = "<group>"; };
		AADD46362553C6B2009142FE /* HTNavigationControllerExtension.swift */ = {isa = PBXFileReference; fileEncoding = 4; lastKnownFileType = sourcecode.swift; path = HTNavigationControllerExtension.swift; sourceTree = "<group>"; };
		AADD46372553C6B2009142FE /* HTContollerExtention.swift */ = {isa = PBXFileReference; fileEncoding = 4; lastKnownFileType = sourcecode.swift; path = HTContollerExtention.swift; sourceTree = "<group>"; };
		AADD46392553C6B2009142FE /* UIImage+HTImage.h */ = {isa = PBXFileReference; fileEncoding = 4; lastKnownFileType = sourcecode.c.h; path = "UIImage+HTImage.h"; sourceTree = "<group>"; };
		AADD463A2553C6B2009142FE /* HTImageExtension.swift */ = {isa = PBXFileReference; fileEncoding = 4; lastKnownFileType = sourcecode.swift; path = HTImageExtension.swift; sourceTree = "<group>"; };
		AADD463B2553C6B2009142FE /* UIImage+HTImage.m */ = {isa = PBXFileReference; fileEncoding = 4; lastKnownFileType = sourcecode.c.objc; path = "UIImage+HTImage.m"; sourceTree = "<group>"; };
		AADD463E2553C6B2009142FE /* HTQMUIButtonExtension.swift */ = {isa = PBXFileReference; fileEncoding = 4; lastKnownFileType = sourcecode.swift; path = HTQMUIButtonExtension.swift; sourceTree = "<group>"; };
		AADD463F2553C6B2009142FE /* HTButtonExtension.swift */ = {isa = PBXFileReference; fileEncoding = 4; lastKnownFileType = sourcecode.swift; path = HTButtonExtension.swift; sourceTree = "<group>"; };
		AADD46412553C6B2009142FE /* HTViewExtension.swift */ = {isa = PBXFileReference; fileEncoding = 4; lastKnownFileType = sourcecode.swift; path = HTViewExtension.swift; sourceTree = "<group>"; };
		AADD46442553C6B2009142FE /* HTStringExtension.swift */ = {isa = PBXFileReference; fileEncoding = 4; lastKnownFileType = sourcecode.swift; path = HTStringExtension.swift; sourceTree = "<group>"; };
		AADD46462553C6B2009142FE /* HTFontExtension.swift */ = {isa = PBXFileReference; fileEncoding = 4; lastKnownFileType = sourcecode.swift; path = HTFontExtension.swift; sourceTree = "<group>"; };
		AADD46492553C6B2009142FE /* HTLayoutTool.swift */ = {isa = PBXFileReference; fileEncoding = 4; lastKnownFileType = sourcecode.swift; path = HTLayoutTool.swift; sourceTree = "<group>"; };
		AADD464B2553C6B2009142FE /* HTBoxColor.swift */ = {isa = PBXFileReference; fileEncoding = 4; lastKnownFileType = sourcecode.swift; path = HTBoxColor.swift; sourceTree = "<group>"; };
		AADD464D2553C6B2009142FE /* HTCommonToolExtension.swift */ = {isa = PBXFileReference; fileEncoding = 4; lastKnownFileType = sourcecode.swift; path = HTCommonToolExtension.swift; sourceTree = "<group>"; };
		AADD46502553C6B2009142FE /* HTCollectionView.swift */ = {isa = PBXFileReference; fileEncoding = 4; lastKnownFileType = sourcecode.swift; path = HTCollectionView.swift; sourceTree = "<group>"; };
		AADD46522553C6B2009142FE /* HTButton.swift */ = {isa = PBXFileReference; fileEncoding = 4; lastKnownFileType = sourcecode.swift; path = HTButton.swift; sourceTree = "<group>"; };
		AADD46582553C6B3009142FE /* HTTabbarComponents.swift */ = {isa = PBXFileReference; fileEncoding = 4; lastKnownFileType = sourcecode.swift; path = HTTabbarComponents.swift; sourceTree = "<group>"; };
		AADD465A2553C6B3009142FE /* HTTabbarViewController.swift */ = {isa = PBXFileReference; fileEncoding = 4; lastKnownFileType = sourcecode.swift; path = HTTabbarViewController.swift; sourceTree = "<group>"; };
		AADD465F2553C6B3009142FE /* HTTableViewViewModel.swift */ = {isa = PBXFileReference; fileEncoding = 4; lastKnownFileType = sourcecode.swift; path = HTTableViewViewModel.swift; sourceTree = "<group>"; };
		AADD46612553C6B3009142FE /* HTTableViewController.swift */ = {isa = PBXFileReference; fileEncoding = 4; lastKnownFileType = sourcecode.swift; path = HTTableViewController.swift; sourceTree = "<group>"; };
		AADD46632553C6B3009142FE /* HTTableView.swift */ = {isa = PBXFileReference; fileEncoding = 4; lastKnownFileType = sourcecode.swift; path = HTTableView.swift; sourceTree = "<group>"; };
		AADD46652553C6B3009142FE /* HTTableViewCell.swift */ = {isa = PBXFileReference; fileEncoding = 4; lastKnownFileType = sourcecode.swift; path = HTTableViewCell.swift; sourceTree = "<group>"; };
		AADD46682553C6B3009142FE /* HTViewModel.swift */ = {isa = PBXFileReference; fileEncoding = 4; lastKnownFileType = sourcecode.swift; path = HTViewModel.swift; sourceTree = "<group>"; };
		AADD466A2553C6B3009142FE /* HTViewController.swift */ = {isa = PBXFileReference; fileEncoding = 4; lastKnownFileType = sourcecode.swift; path = HTViewController.swift; sourceTree = "<group>"; };
		AADD466C2553C6B3009142FE /* HTCommonView.swift */ = {isa = PBXFileReference; fileEncoding = 4; lastKnownFileType = sourcecode.swift; path = HTCommonView.swift; sourceTree = "<group>"; };
		AADD466E2553C6B3009142FE /* HTBoxScreen.swift */ = {isa = PBXFileReference; fileEncoding = 4; lastKnownFileType = sourcecode.swift; path = HTBoxScreen.swift; sourceTree = "<group>"; };
		AADD46702553C6B3009142FE /* HTMacro.swift */ = {isa = PBXFileReference; fileEncoding = 4; lastKnownFileType = sourcecode.swift; path = HTMacro.swift; sourceTree = "<group>"; };
		AADD46722553C6B3009142FE /* HTDebubgerViewController.swift */ = {isa = PBXFileReference; fileEncoding = 4; lastKnownFileType = sourcecode.swift; path = HTDebubgerViewController.swift; sourceTree = "<group>"; };
		AADD46732553C6B3009142FE /* HTDebugger.swift */ = {isa = PBXFileReference; fileEncoding = 4; lastKnownFileType = sourcecode.swift; path = HTDebugger.swift; sourceTree = "<group>"; };
		AADD467A2553C6B3009142FE /* HTDataTool.swift */ = {isa = PBXFileReference; fileEncoding = 4; lastKnownFileType = sourcecode.swift; path = HTDataTool.swift; sourceTree = "<group>"; };
		AADD467C2553C6B3009142FE /* HTAppInfo.swift */ = {isa = PBXFileReference; fileEncoding = 4; lastKnownFileType = sourcecode.swift; path = HTAppInfo.swift; sourceTree = "<group>"; };
		AADD469E2553C773009142FE /* HTAlert.swift */ = {isa = PBXFileReference; lastKnownFileType = sourcecode.swift; path = HTAlert.swift; sourceTree = "<group>"; };
		AAE0710925419D9000053E31 /* TabbarController.swift */ = {isa = PBXFileReference; lastKnownFileType = sourcecode.swift; path = TabbarController.swift; sourceTree = "<group>"; };
		DE36D7CD81AD6410FDF9A1E2 /* Pods-HTPlace1.release.xcconfig */ = {isa = PBXFileReference; includeInIndex = 1; lastKnownFileType = text.xcconfig; name = "Pods-HTPlace1.release.xcconfig"; path = "Target Support Files/Pods-HTPlace1/Pods-HTPlace1.release.xcconfig"; sourceTree = "<group>"; };
/* End PBXFileReference section */

/* Begin PBXFrameworksBuildPhase section */
		AA3B81AF242B21A600E5C680 /* Frameworks */ = {
			isa = PBXFrameworksBuildPhase;
			buildActionMask = 2147483647;
			files = (
				AADD462B2553B43E009142FE /* HTBox in Frameworks */,
				26D071273C29DF373A8C395B /* libPods-HTPlace.a in Frameworks */,
			);
			runOnlyForDeploymentPostprocessing = 0;
		};
		AACA3C3C2546A00300F55BB9 /* Frameworks */ = {
			isa = PBXFrameworksBuildPhase;
			buildActionMask = 2147483647;
			files = (
			);
			runOnlyForDeploymentPostprocessing = 0;
		};
/* End PBXFrameworksBuildPhase section */

/* Begin PBXGroup section */
		8C22E955F0E1CF9F68997F2B /* Frameworks */ = {
			isa = PBXGroup;
			children = (
				AAA911E22553A47600E9A98C /* HTboxSP */,
				0085E9162CF1E8960E2D8677 /* libPods-HTPlace.a */,
			);
			name = Frameworks;
			sourceTree = "<group>";
		};
		A51FA2F61706659ACDE1829B /* Pods */ = {
			isa = PBXGroup;
			children = (
				66F891D2E6E68CB205269B03 /* Pods-HTPlace1.debug.xcconfig */,
				DE36D7CD81AD6410FDF9A1E2 /* Pods-HTPlace1.release.xcconfig */,
				0A5B71F06587A49A8F844122 /* Pods-HTPlace.debug.xcconfig */,
				35D8DF99744B60D1075BF3A0 /* Pods-HTPlace.release.xcconfig */,
			);
			path = Pods;
			sourceTree = "<group>";
		};
		AA3B81A9242B21A600E5C680 = {
			isa = PBXGroup;
			children = (
				AADD46292553B27F009142FE /* HTBox */,
				AAAA5D9725187B320059F4DD /* HTPlace */,
				AA3B81B3242B21A600E5C680 /* Products */,
				A51FA2F61706659ACDE1829B /* Pods */,
				8C22E955F0E1CF9F68997F2B /* Frameworks */,
			);
			sourceTree = "<group>";
		};
		AA3B81B3242B21A600E5C680 /* Products */ = {
			isa = PBXGroup;
			children = (
				AA3B81B2242B21A600E5C680 /* HTPlace.app */,
				AACA3C3F2546A00300F55BB9 /* HTPlaceTests.xctest */,
			);
			name = Products;
			sourceTree = "<group>";
		};
		AAA911E22553A47600E9A98C /* HTboxSP */ = {
			isa = PBXGroup;
			children = (
				AAA911E32553A47600E9A98C /* Tests */,
				AAA911E82553A47600E9A98C /* README.md */,
				AAA911E92553A47600E9A98C /* .gitignore */,
				AAA911EA2553A47600E9A98C /* Package.swift */,
				AAA911EB2553A47600E9A98C /* Sources */,
				AAA911EE2553A47600E9A98C /* .swiftpm */,
			);
			name = HTboxSP;
			path = "../SPM测试/HTboxSP";
			sourceTree = "<group>";
		};
		AAA911E32553A47600E9A98C /* Tests */ = {
			isa = PBXGroup;
			children = (
				AAA911E42553A47600E9A98C /* HTboxSPTests */,
				AAA911E72553A47600E9A98C /* LinuxMain.swift */,
			);
			path = Tests;
			sourceTree = "<group>";
		};
		AAA911E42553A47600E9A98C /* HTboxSPTests */ = {
			isa = PBXGroup;
			children = (
				AAA911E52553A47600E9A98C /* XCTestManifests.swift */,
				AAA911E62553A47600E9A98C /* HTboxSPTests.swift */,
			);
			path = HTboxSPTests;
			sourceTree = "<group>";
		};
		AAA911EB2553A47600E9A98C /* Sources */ = {
			isa = PBXGroup;
			children = (
				AAA911EC2553A47600E9A98C /* HTboxSP */,
			);
			path = Sources;
			sourceTree = "<group>";
		};
		AAA911EC2553A47600E9A98C /* HTboxSP */ = {
			isa = PBXGroup;
			children = (
				AAA911ED2553A47600E9A98C /* HTboxSP.swift */,
			);
			path = HTboxSP;
			sourceTree = "<group>";
		};
		AAA911EE2553A47600E9A98C /* .swiftpm */ = {
			isa = PBXGroup;
			children = (
				AAA911EF2553A47600E9A98C /* xcode */,
			);
			path = .swiftpm;
			sourceTree = "<group>";
		};
		AAA911EF2553A47600E9A98C /* xcode */ = {
			isa = PBXGroup;
			children = (
				AAA911F02553A47600E9A98C /* package.xcworkspace */,
				AAA911F12553A47600E9A98C /* xcuserdata */,
			);
			path = xcode;
			sourceTree = "<group>";
		};
		AAA911F12553A47600E9A98C /* xcuserdata */ = {
			isa = PBXGroup;
			children = (
				AAA911F22553A47600E9A98C /* mr.hong.xcuserdatad */,
			);
			path = xcuserdata;
			sourceTree = "<group>";
		};
		AAA911F22553A47600E9A98C /* mr.hong.xcuserdatad */ = {
			isa = PBXGroup;
			children = (
				AAA911F32553A47600E9A98C /* xcschemes */,
			);
			path = mr.hong.xcuserdatad;
			sourceTree = "<group>";
		};
		AAA911F32553A47600E9A98C /* xcschemes */ = {
			isa = PBXGroup;
			children = (
				AAA911F42553A47600E9A98C /* xcschememanagement.plist */,
			);
			path = xcschemes;
			sourceTree = "<group>";
		};
		AAAA5D9725187B320059F4DD /* HTPlace */ = {
			isa = PBXGroup;
			children = (
				AAAA5DA425187B320059F4DD /* Main */,
				AAAA5D9925187B320059F4DD /* LauncherFiles */,
				AAAA5DA225187B320059F4DD /* MediaFiles */,
				AAAA5DF025187B320059F4DD /* Info.plist */,
				AAAA5DF125187B320059F4DD /* Tool */,
			);
			path = HTPlace;
			sourceTree = "<group>";
		};
		AAAA5D9925187B320059F4DD /* LauncherFiles */ = {
			isa = PBXGroup;
			children = (
				AAAB76E52550FEE100504520 /* HTBridgeFile.h */,
				AAAA6217251882780059F4DD /* AppDelegate */,
				AAAA5D9D25187B320059F4DD /* Main.storyboard */,
				AAAA5D9B25187B320059F4DD /* LaunchScreen.storyboard */,
				AAAA5DA025187B320059F4DD /* PchFile.pch */,
			);
			path = LauncherFiles;
			sourceTree = "<group>";
		};
		AAAA5DA225187B320059F4DD /* MediaFiles */ = {
			isa = PBXGroup;
			children = (
				AAAA5DA325187B320059F4DD /* Assets.xcassets */,
			);
			path = MediaFiles;
			sourceTree = "<group>";
		};
		AAAA5DA425187B320059F4DD /* Main */ = {
			isa = PBXGroup;
			children = (
				AAE0710725419D6600053E31 /* Router */,
				AAB107F725412F3A0048EE66 /* Personal */,
				AAAA5DBD25187B320059F4DD /* TempFunction */,
				AAAA5DA525187B320059F4DD /* Home */,
				AAAA5DC825187B320059F4DD /* YN */,
			);
			path = Main;
			sourceTree = "<group>";
		};
		AAAA5DA525187B320059F4DD /* Home */ = {
			isa = PBXGroup;
			children = (
				AAAA5DA925187B320059F4DD /* AnimationManager */,
				AAAA5DA625187B320059F4DD /* ViewModel */,
				AAAA5DAE25187B320059F4DD /* View */,
				AAAA5DB825187B320059F4DD /* ViewController */,
			);
			path = Home;
			sourceTree = "<group>";
		};
		AAAA5DA625187B320059F4DD /* ViewModel */ = {
			isa = PBXGroup;
			children = (
				AAAA5DA725187B320059F4DD /* HomeViewControllerViewModel.h */,
				AAAA5DA825187B320059F4DD /* HomeViewControllerViewModel.m */,
			);
			path = ViewModel;
			sourceTree = "<group>";
		};
		AAAA5DA925187B320059F4DD /* AnimationManager */ = {
			isa = PBXGroup;
			children = (
				AAAA5DAD25187B320059F4DD /* AnimationManager.h */,
				AAAA5DAA25187B320059F4DD /* AnimationManager.m */,
				AAAA5DAB25187B320059F4DD /* NavgationAnimationManager.h */,
				AAAA5DAC25187B320059F4DD /* NavgationAnimationManager.m */,
			);
			path = AnimationManager;
			sourceTree = "<group>";
		};
		AAAA5DAE25187B320059F4DD /* View */ = {
			isa = PBXGroup;
			children = (
				AAAA5DAF25187B320059F4DD /* HomeViewSub.m */,
				AAAA5DB025187B320059F4DD /* HomeRecommadCollectionView.h */,
				AAAA5DB125187B320059F4DD /* UIView+InterViewUIVIew.m */,
				AAAA5DB225187B320059F4DD /* HomeView.h */,
				AAAA5DB325187B320059F4DD /* UIView+Home.h */,
				AAAA5DB425187B320059F4DD /* HomeViewSub.h */,
				AAAA5DB525187B320059F4DD /* HomeView.m */,
				AAAA5DB625187B320059F4DD /* UIView+InterViewUIVIew.h */,
				AAAA5DB725187B320059F4DD /* HomeRecommadCollectionView.m */,
			);
			path = View;
			sourceTree = "<group>";
		};
		AAAA5DB825187B320059F4DD /* ViewController */ = {
			isa = PBXGroup;
			children = (
				AAAA5DBB25187B320059F4DD /* HomeViewController.h */,
				AAAA5DB925187B320059F4DD /* HomeViewController.m */,
				AAAA5DBC25187B320059F4DD /* HomeViewController2.h */,
				AAAA5DBA25187B320059F4DD /* HomeViewController2.m */,
			);
			path = ViewController;
			sourceTree = "<group>";
		};
		AAAA5DBD25187B320059F4DD /* TempFunction */ = {
			isa = PBXGroup;
			children = (
			);
			path = TempFunction;
			sourceTree = "<group>";
		};
		AAAA5DC525187B320059F4DD /* YNPubulishProgressView */ = {
			isa = PBXGroup;
			children = (
				AAAA5DC625187B320059F4DD /* YNPubulishProgressView.h */,
				AAAA5DC725187B320059F4DD /* YNPubulishProgressView.m */,
			);
			path = YNPubulishProgressView;
			sourceTree = "<group>";
		};
		AAAA5DC825187B320059F4DD /* YN */ = {
			isa = PBXGroup;
			children = (
				AAAA5DC525187B320059F4DD /* YNPubulishProgressView */,
			);
			path = YN;
			sourceTree = "<group>";
		};
		AAAA5DF125187B320059F4DD /* Tool */ = {
			isa = PBXGroup;
			children = (
				AAAA5F1125187BA00059F4DD /* ToolBox */,
				AAAA5EA025187B330059F4DD /* HTInterview */,
			);
			path = Tool;
			sourceTree = "<group>";
		};
		AAAA5EA025187B330059F4DD /* HTInterview */ = {
			isa = PBXGroup;
			children = (
				AAAA5EA125187B330059F4DD /* RunLoop */,
				AAAA5EA425187B330059F4DD /* UI相关 */,
				AAAA5EA725187B330059F4DD /* OC语言特性 */,
				AAAA5EAA25187B330059F4DD /* 多线程相关 */,
			);
			path = HTInterview;
			sourceTree = "<group>";
		};
		AAAA5EA125187B330059F4DD /* RunLoop */ = {
			isa = PBXGroup;
			children = (
				AAAA5EA225187B330059F4DD /* HTInterviewRunLoop.h */,
				AAAA5EA325187B330059F4DD /* HTInterviewRunLoop.m */,
			);
			path = RunLoop;
			sourceTree = "<group>";
		};
		AAAA5EA425187B330059F4DD /* UI相关 */ = {
			isa = PBXGroup;
			children = (
				AAAA5EA525187B330059F4DD /* HTInterViewUI.h */,
				AAAA5EA625187B330059F4DD /* HTInterViewUI.m */,
			);
			path = "UI相关";
			sourceTree = "<group>";
		};
		AAAA5EA725187B330059F4DD /* OC语言特性 */ = {
			isa = PBXGroup;
			children = (
				AAAA5EA825187B330059F4DD /* HTInterviewLanguage.h */,
				AAAA5EA925187B330059F4DD /* HTInterviewLanguage.m */,
			);
			path = "OC语言特性";
			sourceTree = "<group>";
		};
		AAAA5EAA25187B330059F4DD /* 多线程相关 */ = {
			isa = PBXGroup;
			children = (
				AAAA5EAB25187B330059F4DD /* 锁 */,
				AAAA5EAE25187B330059F4DD /* NSThread */,
			);
			path = "多线程相关";
			sourceTree = "<group>";
		};
		AAAA5EAB25187B330059F4DD /* 锁 */ = {
			isa = PBXGroup;
			children = (
				AAAA5EAC25187B330059F4DD /* HTThreadLock.h */,
				AAAA5EAD25187B330059F4DD /* HTThreadLock.m */,
			);
			path = "锁";
			sourceTree = "<group>";
		};
		AAAA5EAE25187B330059F4DD /* NSThread */ = {
			isa = PBXGroup;
			children = (
				AAAA5EAF25187B330059F4DD /* HTInterviewNSThread.m */,
				AAAA5EB025187B330059F4DD /* HTInterviewNSThread.h */,
			);
			path = NSThread;
			sourceTree = "<group>";
		};
		AAAA5F1125187BA00059F4DD /* ToolBox */ = {
			isa = PBXGroup;
			children = (
				AADD462C2553C6B2009142FE /* HTBox */,
			);
			path = ToolBox;
			sourceTree = "<group>";
		};
		AAAA6217251882780059F4DD /* AppDelegate */ = {
			isa = PBXGroup;
			children = (
				AAAA62182518828C0059F4DD /* HTAppDelegate.swift */,
				AACA3C492546A9FD00F55BB9 /* ViewController1.swift */,
			);
			path = AppDelegate;
			sourceTree = "<group>";
		};
		AAB107F625412F280048EE66 /* Account */ = {
			isa = PBXGroup;
			children = (
				AAB107F825412F5A0048EE66 /* AccountInfo.swift */,
			);
			path = Account;
			sourceTree = "<group>";
		};
		AAB107F725412F3A0048EE66 /* Personal */ = {
			isa = PBXGroup;
			children = (
				AAB107F625412F280048EE66 /* Account */,
			);
			path = Personal;
			sourceTree = "<group>";
		};
		AABB4E1F2546B3BC00BE70F7 /* Base */ = {
			isa = PBXGroup;
			children = (
				AABB4E202546B3C700BE70F7 /* BaseViewController.swift */,
			);
			path = Base;
			sourceTree = "<group>";
		};
		AADD462C2553C6B2009142FE /* HTBox */ = {
			isa = PBXGroup;
			children = (
				AADD462D2553C6B2009142FE /* Extension */,
				AADD46472553C6B2009142FE /* UITool */,
				AADD466F2553C6B3009142FE /* Macro */,
				AADD46712553C6B3009142FE /* HTDebuggerTool */,
				AADD46742553C6B3009142FE /* Base */,
				AADD46772553C6B3009142FE /* Tool */,
			);
			path = HTBox;
			sourceTree = "<group>";
		};
		AADD462D2553C6B2009142FE /* Extension */ = {
			isa = PBXGroup;
			children = (
				AADD462E2553C6B2009142FE /* UI */,
				AADD46302553C6B2009142FE /* ImageView */,
				AADD46322553C6B2009142FE /* Label */,
				AADD46342553C6B2009142FE /* ViewConroller */,
				AADD46382553C6B2009142FE /* Image */,
				AADD463C2553C6B2009142FE /* Button */,
				AADD46402553C6B2009142FE /* View */,
				AADD46422553C6B2009142FE /* New Group */,
				AADD46432553C6B2009142FE /* String */,
				AADD46452553C6B2009142FE /* Font */,
			);
			path = Extension;
			sourceTree = "<group>";
		};
		AADD462E2553C6B2009142FE /* UI */ = {
			isa = PBXGroup;
			children = (
				AADD462F2553C6B2009142FE /* HTCommonUIExtension.swift */,
			);
			path = UI;
			sourceTree = "<group>";
		};
		AADD46302553C6B2009142FE /* ImageView */ = {
			isa = PBXGroup;
			children = (
				AADD46312553C6B2009142FE /* HTImageViewExtension.swift */,
			);
			path = ImageView;
			sourceTree = "<group>";
		};
		AADD46322553C6B2009142FE /* Label */ = {
			isa = PBXGroup;
			children = (
				AADD46332553C6B2009142FE /* HTLabelExtension.swift */,
			);
			path = Label;
			sourceTree = "<group>";
		};
		AADD46342553C6B2009142FE /* ViewConroller */ = {
			isa = PBXGroup;
			children = (
				AADD46352553C6B2009142FE /* NavigationController */,
				AADD46372553C6B2009142FE /* HTContollerExtention.swift */,
			);
			path = ViewConroller;
			sourceTree = "<group>";
		};
		AADD46352553C6B2009142FE /* NavigationController */ = {
			isa = PBXGroup;
			children = (
				AADD46362553C6B2009142FE /* HTNavigationControllerExtension.swift */,
			);
			path = NavigationController;
			sourceTree = "<group>";
		};
		AADD46382553C6B2009142FE /* Image */ = {
			isa = PBXGroup;
			children = (
				AADD46392553C6B2009142FE /* UIImage+HTImage.h */,
				AADD463A2553C6B2009142FE /* HTImageExtension.swift */,
				AADD463B2553C6B2009142FE /* UIImage+HTImage.m */,
			);
			path = Image;
			sourceTree = "<group>";
		};
		AADD463C2553C6B2009142FE /* Button */ = {
			isa = PBXGroup;
			children = (
				AADD463D2553C6B2009142FE /* QMUIButton */,
				AADD463F2553C6B2009142FE /* HTButtonExtension.swift */,
			);
			path = Button;
			sourceTree = "<group>";
		};
		AADD463D2553C6B2009142FE /* QMUIButton */ = {
			isa = PBXGroup;
			children = (
				AADD463E2553C6B2009142FE /* HTQMUIButtonExtension.swift */,
			);
			path = QMUIButton;
			sourceTree = "<group>";
		};
		AADD46402553C6B2009142FE /* View */ = {
			isa = PBXGroup;
			children = (
				AADD46412553C6B2009142FE /* HTViewExtension.swift */,
			);
			path = View;
			sourceTree = "<group>";
		};
		AADD46422553C6B2009142FE /* New Group */ = {
			isa = PBXGroup;
			children = (
			);
			path = "New Group";
			sourceTree = "<group>";
		};
		AADD46432553C6B2009142FE /* String */ = {
			isa = PBXGroup;
			children = (
				AADD46442553C6B2009142FE /* HTStringExtension.swift */,
			);
			path = String;
			sourceTree = "<group>";
		};
		AADD46452553C6B2009142FE /* Font */ = {
			isa = PBXGroup;
			children = (
				AADD46462553C6B2009142FE /* HTFontExtension.swift */,
			);
			path = Font;
			sourceTree = "<group>";
		};
		AADD46472553C6B2009142FE /* UITool */ = {
			isa = PBXGroup;
			children = (
				AADD46482553C6B2009142FE /* Layout */,
				AADD464A2553C6B2009142FE /* Color */,
				AADD464C2553C6B2009142FE /* CommonTool */,
				AADD464E2553C6B2009142FE /* Components */,
				AADD465B2553C6B3009142FE /* CommonUI */,
				AADD466D2553C6B3009142FE /* Screen */,
			);
			path = UITool;
			sourceTree = "<group>";
		};
		AADD46482553C6B2009142FE /* Layout */ = {
			isa = PBXGroup;
			children = (
				AADD46492553C6B2009142FE /* HTLayoutTool.swift */,
			);
			path = Layout;
			sourceTree = "<group>";
		};
		AADD464A2553C6B2009142FE /* Color */ = {
			isa = PBXGroup;
			children = (
				AADD464B2553C6B2009142FE /* HTBoxColor.swift */,
			);
			path = Color;
			sourceTree = "<group>";
		};
		AADD464C2553C6B2009142FE /* CommonTool */ = {
			isa = PBXGroup;
			children = (
				AADD464D2553C6B2009142FE /* HTCommonToolExtension.swift */,
			);
			path = CommonTool;
			sourceTree = "<group>";
		};
		AADD464E2553C6B2009142FE /* Components */ = {
			isa = PBXGroup;
			children = (
				AADD469D2553C753009142FE /* HTAlert */,
				AADD464F2553C6B2009142FE /* CollectionView */,
				AADD46512553C6B2009142FE /* Button */,
				AADD46532553C6B2009142FE /* HTTextFiled */,
				AADD46542553C6B2009142FE /* TabbarController */,
			);
			path = Components;
			sourceTree = "<group>";
		};
		AADD464F2553C6B2009142FE /* CollectionView */ = {
			isa = PBXGroup;
			children = (
				AADD46502553C6B2009142FE /* HTCollectionView.swift */,
			);
			path = CollectionView;
			sourceTree = "<group>";
		};
		AADD46512553C6B2009142FE /* Button */ = {
			isa = PBXGroup;
			children = (
				AADD46522553C6B2009142FE /* HTButton.swift */,
			);
			path = Button;
			sourceTree = "<group>";
		};
		AADD46532553C6B2009142FE /* HTTextFiled */ = {
			isa = PBXGroup;
			children = (
			);
			path = HTTextFiled;
			sourceTree = "<group>";
		};
		AADD46542553C6B2009142FE /* TabbarController */ = {
			isa = PBXGroup;
			children = (
				AADD46552553C6B2009142FE /* ViewModel */,
				AADD46562553C6B3009142FE /* Model */,
				AADD46572553C6B3009142FE /* View */,
				AADD46592553C6B3009142FE /* ViewController */,
			);
			path = TabbarController;
			sourceTree = "<group>";
		};
		AADD46552553C6B2009142FE /* ViewModel */ = {
			isa = PBXGroup;
			children = (
			);
			path = ViewModel;
			sourceTree = "<group>";
		};
		AADD46562553C6B3009142FE /* Model */ = {
			isa = PBXGroup;
			children = (
			);
			path = Model;
			sourceTree = "<group>";
		};
		AADD46572553C6B3009142FE /* View */ = {
			isa = PBXGroup;
			children = (
				AADD46582553C6B3009142FE /* HTTabbarComponents.swift */,
			);
			path = View;
			sourceTree = "<group>";
		};
		AADD46592553C6B3009142FE /* ViewController */ = {
			isa = PBXGroup;
			children = (
				AADD465A2553C6B3009142FE /* HTTabbarViewController.swift */,
			);
			path = ViewController;
			sourceTree = "<group>";
		};
		AADD465B2553C6B3009142FE /* CommonUI */ = {
			isa = PBXGroup;
			children = (
				AADD465C2553C6B3009142FE /* VC */,
				AADD466B2553C6B3009142FE /* View */,
			);
			path = CommonUI;
			sourceTree = "<group>";
		};
		AADD465C2553C6B3009142FE /* VC */ = {
			isa = PBXGroup;
			children = (
				AADD465D2553C6B3009142FE /* TableViewVC */,
				AADD46662553C6B3009142FE /* HTCommonVC */,
			);
			path = VC;
			sourceTree = "<group>";
		};
		AADD465D2553C6B3009142FE /* TableViewVC */ = {
			isa = PBXGroup;
			children = (
				AADD465E2553C6B3009142FE /* ViewModel */,
				AADD46602553C6B3009142FE /* Controller */,
				AADD46622553C6B3009142FE /* View */,
			);
			path = TableViewVC;
			sourceTree = "<group>";
		};
		AADD465E2553C6B3009142FE /* ViewModel */ = {
			isa = PBXGroup;
			children = (
				AADD465F2553C6B3009142FE /* HTTableViewViewModel.swift */,
			);
			path = ViewModel;
			sourceTree = "<group>";
		};
		AADD46602553C6B3009142FE /* Controller */ = {
			isa = PBXGroup;
			children = (
				AADD46612553C6B3009142FE /* HTTableViewController.swift */,
			);
			path = Controller;
			sourceTree = "<group>";
		};
		AADD46622553C6B3009142FE /* View */ = {
			isa = PBXGroup;
			children = (
				AADD46632553C6B3009142FE /* HTTableView.swift */,
				AADD46642553C6B3009142FE /* Cell */,
			);
			path = View;
			sourceTree = "<group>";
		};
		AADD46642553C6B3009142FE /* Cell */ = {
			isa = PBXGroup;
			children = (
				AADD46652553C6B3009142FE /* HTTableViewCell.swift */,
			);
			path = Cell;
			sourceTree = "<group>";
		};
		AADD46662553C6B3009142FE /* HTCommonVC */ = {
			isa = PBXGroup;
			children = (
				AADD46672553C6B3009142FE /* ViewModel */,
				AADD46692553C6B3009142FE /* Controller */,
			);
			path = HTCommonVC;
			sourceTree = "<group>";
		};
		AADD46672553C6B3009142FE /* ViewModel */ = {
			isa = PBXGroup;
			children = (
				AADD46682553C6B3009142FE /* HTViewModel.swift */,
			);
			path = ViewModel;
			sourceTree = "<group>";
		};
		AADD46692553C6B3009142FE /* Controller */ = {
			isa = PBXGroup;
			children = (
				AADD466A2553C6B3009142FE /* HTViewController.swift */,
			);
			path = Controller;
			sourceTree = "<group>";
		};
		AADD466B2553C6B3009142FE /* View */ = {
			isa = PBXGroup;
			children = (
				AADD466C2553C6B3009142FE /* HTCommonView.swift */,
			);
			path = View;
			sourceTree = "<group>";
		};
		AADD466D2553C6B3009142FE /* Screen */ = {
			isa = PBXGroup;
			children = (
				AADD466E2553C6B3009142FE /* HTBoxScreen.swift */,
			);
			path = Screen;
			sourceTree = "<group>";
		};
		AADD466F2553C6B3009142FE /* Macro */ = {
			isa = PBXGroup;
			children = (
				AADD46702553C6B3009142FE /* HTMacro.swift */,
			);
			path = Macro;
			sourceTree = "<group>";
		};
		AADD46712553C6B3009142FE /* HTDebuggerTool */ = {
			isa = PBXGroup;
			children = (
				AADD46722553C6B3009142FE /* HTDebubgerViewController.swift */,
				AADD46732553C6B3009142FE /* HTDebugger.swift */,
			);
			path = HTDebuggerTool;
			sourceTree = "<group>";
		};
		AADD46742553C6B3009142FE /* Base */ = {
			isa = PBXGroup;
			children = (
				AADD46752553C6B3009142FE /* BaseTableView */,
			);
			path = Base;
			sourceTree = "<group>";
		};
		AADD46752553C6B3009142FE /* BaseTableView */ = {
			isa = PBXGroup;
			children = (
				AADD46762553C6B3009142FE /* ViewModel */,
			);
			path = BaseTableView;
			sourceTree = "<group>";
		};
		AADD46762553C6B3009142FE /* ViewModel */ = {
			isa = PBXGroup;
			children = (
			);
			path = ViewModel;
			sourceTree = "<group>";
		};
		AADD46772553C6B3009142FE /* Tool */ = {
			isa = PBXGroup;
			children = (
				AADD46782553C6B3009142FE /* Controller */,
				AADD46792553C6B3009142FE /* Data */,
				AADD467B2553C6B3009142FE /* AppInfo */,
			);
			path = Tool;
			sourceTree = "<group>";
		};
		AADD46782553C6B3009142FE /* Controller */ = {
			isa = PBXGroup;
			children = (
			);
			path = Controller;
			sourceTree = "<group>";
		};
		AADD46792553C6B3009142FE /* Data */ = {
			isa = PBXGroup;
			children = (
				AADD467A2553C6B3009142FE /* HTDataTool.swift */,
			);
			path = Data;
			sourceTree = "<group>";
		};
		AADD467B2553C6B3009142FE /* AppInfo */ = {
			isa = PBXGroup;
			children = (
				AADD467C2553C6B3009142FE /* HTAppInfo.swift */,
			);
			path = AppInfo;
			sourceTree = "<group>";
		};
		AADD469D2553C753009142FE /* HTAlert */ = {
			isa = PBXGroup;
			children = (
				AADD469E2553C773009142FE /* HTAlert.swift */,
			);
			path = HTAlert;
			sourceTree = "<group>";
		};
		AAE0710725419D6600053E31 /* Router */ = {
			isa = PBXGroup;
			children = (
				AABB4E1F2546B3BC00BE70F7 /* Base */,
				AAE0710825419D7500053E31 /* TabbarController */,
			);
			path = Router;
			sourceTree = "<group>";
		};
		AAE0710825419D7500053E31 /* TabbarController */ = {
			isa = PBXGroup;
			children = (
				AAE0710925419D9000053E31 /* TabbarController.swift */,
			);
			path = TabbarController;
			sourceTree = "<group>";
		};
/* End PBXGroup section */

/* Begin PBXNativeTarget section */
		AA3B81B1242B21A600E5C680 /* HTPlace */ = {
			isa = PBXNativeTarget;
			buildConfigurationList = AA3B81CB242B21A900E5C680 /* Build configuration list for PBXNativeTarget "HTPlace" */;
			buildPhases = (
				48CF1BED0FC76FA9022AB3E8 /* [CP] Check Pods Manifest.lock */,
				AA3B81AE242B21A600E5C680 /* Sources */,
				AA3B81AF242B21A600E5C680 /* Frameworks */,
				AA3B81B0242B21A600E5C680 /* Resources */,
				657D35B4A1260261CA0C08BF /* [CP] Embed Pods Frameworks */,
				3BC566A974693397308FC8F8 /* [CP] Copy Pods Resources */,
			);
			buildRules = (
			);
			dependencies = (
			);
			name = HTPlace;
			packageProductDependencies = (
				AADD462A2553B43E009142FE /* HTBox */,
			);
			productName = HTPlace1;
			productReference = AA3B81B2242B21A600E5C680 /* HTPlace.app */;
			productType = "com.apple.product-type.application";
		};
		AACA3C3E2546A00300F55BB9 /* HTPlaceTests */ = {
			isa = PBXNativeTarget;
			buildConfigurationList = AACA3C482546A00300F55BB9 /* Build configuration list for PBXNativeTarget "HTPlaceTests" */;
			buildPhases = (
				AACA3C3B2546A00300F55BB9 /* Sources */,
				AACA3C3C2546A00300F55BB9 /* Frameworks */,
				AACA3C3D2546A00300F55BB9 /* Resources */,
			);
			buildRules = (
			);
			dependencies = (
				AACA3C452546A00300F55BB9 /* PBXTargetDependency */,
			);
			name = HTPlaceTests;
			productName = HTPlaceTests;
			productReference = AACA3C3F2546A00300F55BB9 /* HTPlaceTests.xctest */;
			productType = "com.apple.product-type.bundle.unit-test";
		};
/* End PBXNativeTarget section */

/* Begin PBXProject section */
		AA3B81AA242B21A600E5C680 /* Project object */ = {
			isa = PBXProject;
			attributes = {
				LastSwiftUpdateCheck = 1170;
				LastUpgradeCheck = 1170;
				ORGANIZATIONNAME = "\bMr.hong";
				TargetAttributes = {
					AA3B81B1242B21A600E5C680 = {
						CreatedOnToolsVersion = 11.3;
					};
					AACA3C3E2546A00300F55BB9 = {
						CreatedOnToolsVersion = 11.7;
						TestTargetID = AA3B81B1242B21A600E5C680;
					};
				};
			};
			buildConfigurationList = AA3B81AD242B21A600E5C680 /* Build configuration list for PBXProject "HTPlace" */;
			compatibilityVersion = "Xcode 9.3";
			developmentRegion = en;
			hasScannedForEncodings = 0;
			knownRegions = (
				en,
				Base,
				"zh-Hans",
				"ar-001",
				"tz-ru",
				"tz-RU",
				ja,
				"zh-Hant",
				de,
				es,
			);
			mainGroup = AA3B81A9242B21A600E5C680;
			productRefGroup = AA3B81B3242B21A600E5C680 /* Products */;
			projectDirPath = "";
			projectRoot = "";
			targets = (
				AA3B81B1242B21A600E5C680 /* HTPlace */,
				AACA3C3E2546A00300F55BB9 /* HTPlaceTests */,
			);
		};
/* End PBXProject section */

/* Begin PBXResourcesBuildPhase section */
		AA3B81B0242B21A600E5C680 /* Resources */ = {
			isa = PBXResourcesBuildPhase;
			buildActionMask = 2147483647;
			files = (
				AAAA5EB225187B330059F4DD /* LaunchScreen.storyboard in Resources */,
				AAAA5EB625187B330059F4DD /* Assets.xcassets in Resources */,
				AAAA5EB325187B330059F4DD /* Main.storyboard in Resources */,
			);
			runOnlyForDeploymentPostprocessing = 0;
		};
		AACA3C3D2546A00300F55BB9 /* Resources */ = {
			isa = PBXResourcesBuildPhase;
			buildActionMask = 2147483647;
			files = (
			);
			runOnlyForDeploymentPostprocessing = 0;
		};
/* End PBXResourcesBuildPhase section */

/* Begin PBXShellScriptBuildPhase section */
		3BC566A974693397308FC8F8 /* [CP] Copy Pods Resources */ = {
			isa = PBXShellScriptBuildPhase;
			buildActionMask = 2147483647;
			files = (
			);
			inputFileListPaths = (
				"${PODS_ROOT}/Target Support Files/Pods-HTPlace/Pods-HTPlace-resources-${CONFIGURATION}-input-files.xcfilelist",
			);
			name = "[CP] Copy Pods Resources";
			outputFileListPaths = (
				"${PODS_ROOT}/Target Support Files/Pods-HTPlace/Pods-HTPlace-resources-${CONFIGURATION}-output-files.xcfilelist",
			);
			runOnlyForDeploymentPostprocessing = 0;
			shellPath = /bin/sh;
			shellScript = "\"${PODS_ROOT}/Target Support Files/Pods-HTPlace/Pods-HTPlace-resources.sh\"\n";
			showEnvVarsInLog = 0;
		};
		48CF1BED0FC76FA9022AB3E8 /* [CP] Check Pods Manifest.lock */ = {
			isa = PBXShellScriptBuildPhase;
			buildActionMask = 2147483647;
			files = (
			);
			inputFileListPaths = (
			);
			inputPaths = (
				"${PODS_PODFILE_DIR_PATH}/Podfile.lock",
				"${PODS_ROOT}/Manifest.lock",
			);
			name = "[CP] Check Pods Manifest.lock";
			outputFileListPaths = (
			);
			outputPaths = (
				"$(DERIVED_FILE_DIR)/Pods-HTPlace-checkManifestLockResult.txt",
			);
			runOnlyForDeploymentPostprocessing = 0;
			shellPath = /bin/sh;
			shellScript = "diff \"${PODS_PODFILE_DIR_PATH}/Podfile.lock\" \"${PODS_ROOT}/Manifest.lock\" > /dev/null\nif [ $? != 0 ] ; then\n    # print error to STDERR\n    echo \"error: The sandbox is not in sync with the Podfile.lock. Run 'pod install' or update your CocoaPods installation.\" >&2\n    exit 1\nfi\n# This output is used by Xcode 'outputs' to avoid re-running this script phase.\necho \"SUCCESS\" > \"${SCRIPT_OUTPUT_FILE_0}\"\n";
			showEnvVarsInLog = 0;
		};
		657D35B4A1260261CA0C08BF /* [CP] Embed Pods Frameworks */ = {
			isa = PBXShellScriptBuildPhase;
			buildActionMask = 2147483647;
			files = (
			);
			inputFileListPaths = (
				"${PODS_ROOT}/Target Support Files/Pods-HTPlace/Pods-HTPlace-frameworks-${CONFIGURATION}-input-files.xcfilelist",
			);
			name = "[CP] Embed Pods Frameworks";
			outputFileListPaths = (
				"${PODS_ROOT}/Target Support Files/Pods-HTPlace/Pods-HTPlace-frameworks-${CONFIGURATION}-output-files.xcfilelist",
			);
			runOnlyForDeploymentPostprocessing = 0;
			shellPath = /bin/sh;
			shellScript = "\"${PODS_ROOT}/Target Support Files/Pods-HTPlace/Pods-HTPlace-frameworks.sh\"\n";
			showEnvVarsInLog = 0;
		};
/* End PBXShellScriptBuildPhase section */

/* Begin PBXSourcesBuildPhase section */
		AA3B81AE242B21A600E5C680 /* Sources */ = {
			isa = PBXSourcesBuildPhase;
			buildActionMask = 2147483647;
			files = (
				AADD46882553C6B3009142FE /* HTFontExtension.swift in Sources */,
				AADD46892553C6B3009142FE /* HTLayoutTool.swift in Sources */,
				AADD46932553C6B3009142FE /* HTTableViewCell.swift in Sources */,
				AABB4E212546B3C700BE70F7 /* BaseViewController.swift in Sources */,
				AAAA5F0F25187B330059F4DD /* HTThreadLock.m in Sources */,
				AADD468C2553C6B3009142FE /* HTCollectionView.swift in Sources */,
				AADD46972553C6B3009142FE /* HTBoxScreen.swift in Sources */,
				AAAA5EBC25187B330059F4DD /* HomeView.m in Sources */,
				AADD469A2553C6B3009142FE /* HTDebugger.swift in Sources */,
				AAAA5EBD25187B330059F4DD /* HomeRecommadCollectionView.m in Sources */,
				AAE0710A25419D9000053E31 /* TabbarController.swift in Sources */,
				AADD468B2553C6B3009142FE /* HTCommonToolExtension.swift in Sources */,
				AADD46922553C6B3009142FE /* HTTableView.swift in Sources */,
				AAAA62192518828C0059F4DD /* HTAppDelegate.swift in Sources */,
				AAAA5EBF25187B330059F4DD /* HomeViewController2.m in Sources */,
				AADD469C2553C6B3009142FE /* HTAppInfo.swift in Sources */,
				AADD46842553C6B3009142FE /* HTQMUIButtonExtension.swift in Sources */,
				AAAA5F0D25187B330059F4DD /* HTInterViewUI.m in Sources */,
				AAAA5EB725187B330059F4DD /* HomeViewControllerViewModel.m in Sources */,
				AADD46942553C6B3009142FE /* HTViewModel.swift in Sources */,
				AAAA5F0E25187B330059F4DD /* HTInterviewLanguage.m in Sources */,
				AAAA5EC325187B330059F4DD /* YNPubulishProgressView.m in Sources */,
				AADD468D2553C6B3009142FE /* HTButton.swift in Sources */,
				AADD46822553C6B3009142FE /* HTImageExtension.swift in Sources */,
				AAAA5EB825187B330059F4DD /* AnimationManager.m in Sources */,
				AAAA5EBA25187B330059F4DD /* HomeViewSub.m in Sources */,
				AADD467D2553C6B3009142FE /* HTCommonUIExtension.swift in Sources */,
				AAAA5EBE25187B330059F4DD /* HomeViewController.m in Sources */,
				AADD467F2553C6B3009142FE /* HTLabelExtension.swift in Sources */,
				AAAA5F1025187B330059F4DD /* HTInterviewNSThread.m in Sources */,
				AADD46902553C6B3009142FE /* HTTableViewViewModel.swift in Sources */,
				AADD46852553C6B3009142FE /* HTButtonExtension.swift in Sources */,
				AADD46962553C6B3009142FE /* HTCommonView.swift in Sources */,
				AADD46872553C6B3009142FE /* HTStringExtension.swift in Sources */,
				AADD46862553C6B3009142FE /* HTViewExtension.swift in Sources */,
				AADD46812553C6B3009142FE /* HTContollerExtention.swift in Sources */,
				AADD469B2553C6B3009142FE /* HTDataTool.swift in Sources */,
				AADD46952553C6B3009142FE /* HTViewController.swift in Sources */,
				AADD467E2553C6B3009142FE /* HTImageViewExtension.swift in Sources */,
				AACA3C4A2546A9FD00F55BB9 /* ViewController1.swift in Sources */,
				AADD46912553C6B3009142FE /* HTTableViewController.swift in Sources */,
				AADD46982553C6B3009142FE /* HTMacro.swift in Sources */,
				AAAA5EBB25187B330059F4DD /* UIView+InterViewUIVIew.m in Sources */,
				AADD469F2553C773009142FE /* HTAlert.swift in Sources */,
				AAAA5EB925187B330059F4DD /* NavgationAnimationManager.m in Sources */,
				AADD46802553C6B3009142FE /* HTNavigationControllerExtension.swift in Sources */,
				AAAA5F0C25187B330059F4DD /* HTInterviewRunLoop.m in Sources */,
				AADD468F2553C6B3009142FE /* HTTabbarViewController.swift in Sources */,
				AAB107F925412F5A0048EE66 /* AccountInfo.swift in Sources */,
				AADD468E2553C6B3009142FE /* HTTabbarComponents.swift in Sources */,
				AADD46832553C6B3009142FE /* UIImage+HTImage.m in Sources */,
				AADD46992553C6B3009142FE /* HTDebubgerViewController.swift in Sources */,
				AADD468A2553C6B3009142FE /* HTBoxColor.swift in Sources */,
			);
			runOnlyForDeploymentPostprocessing = 0;
		};
		AACA3C3B2546A00300F55BB9 /* Sources */ = {
			isa = PBXSourcesBuildPhase;
			buildActionMask = 2147483647;
			files = (
			);
			runOnlyForDeploymentPostprocessing = 0;
		};
/* End PBXSourcesBuildPhase section */

/* Begin PBXTargetDependency section */
		AACA3C452546A00300F55BB9 /* PBXTargetDependency */ = {
			isa = PBXTargetDependency;
			target = AA3B81B1242B21A600E5C680 /* HTPlace */;
			targetProxy = AACA3C442546A00300F55BB9 /* PBXContainerItemProxy */;
		};
/* End PBXTargetDependency section */

/* Begin PBXVariantGroup section */
		AAAA5D9B25187B320059F4DD /* LaunchScreen.storyboard */ = {
			isa = PBXVariantGroup;
			children = (
				AAAA5D9C25187B320059F4DD /* Base */,
			);
			name = LaunchScreen.storyboard;
			sourceTree = "<group>";
		};
		AAAA5D9D25187B320059F4DD /* Main.storyboard */ = {
			isa = PBXVariantGroup;
			children = (
				AAAA5D9E25187B320059F4DD /* Base */,
			);
			name = Main.storyboard;
			sourceTree = "<group>";
		};
/* End PBXVariantGroup section */

/* Begin XCBuildConfiguration section */
		AA3B81C9242B21A900E5C680 /* Debug */ = {
			isa = XCBuildConfiguration;
			buildSettings = {
				ALWAYS_SEARCH_USER_PATHS = NO;
				CLANG_ANALYZER_LOCALIZABILITY_NONLOCALIZED = YES;
				CLANG_ANALYZER_NONNULL = YES;
				CLANG_ANALYZER_NUMBER_OBJECT_CONVERSION = YES_AGGRESSIVE;
				CLANG_CXX_LANGUAGE_STANDARD = "gnu++14";
				CLANG_CXX_LIBRARY = "libc++";
				CLANG_ENABLE_MODULES = YES;
				CLANG_ENABLE_OBJC_ARC = YES;
				CLANG_ENABLE_OBJC_WEAK = YES;
				CLANG_WARN_BLOCK_CAPTURE_AUTORELEASING = YES;
				CLANG_WARN_BOOL_CONVERSION = YES;
				CLANG_WARN_COMMA = YES;
				CLANG_WARN_CONSTANT_CONVERSION = YES;
				CLANG_WARN_DEPRECATED_OBJC_IMPLEMENTATIONS = YES;
				CLANG_WARN_DIRECT_OBJC_ISA_USAGE = YES_ERROR;
				CLANG_WARN_DOCUMENTATION_COMMENTS = YES;
				CLANG_WARN_EMPTY_BODY = YES;
				CLANG_WARN_ENUM_CONVERSION = YES;
				CLANG_WARN_INFINITE_RECURSION = YES;
				CLANG_WARN_INT_CONVERSION = YES;
				CLANG_WARN_NON_LITERAL_NULL_CONVERSION = YES;
				CLANG_WARN_OBJC_IMPLICIT_RETAIN_SELF = YES;
				CLANG_WARN_OBJC_LITERAL_CONVERSION = YES;
				CLANG_WARN_OBJC_ROOT_CLASS = YES_ERROR;
				CLANG_WARN_RANGE_LOOP_ANALYSIS = YES;
				CLANG_WARN_STRICT_PROTOTYPES = YES;
				CLANG_WARN_SUSPICIOUS_MOVE = YES;
				CLANG_WARN_UNGUARDED_AVAILABILITY = YES_AGGRESSIVE;
				CLANG_WARN_UNREACHABLE_CODE = YES;
				CLANG_WARN__DUPLICATE_METHOD_MATCH = YES;
				COPY_PHASE_STRIP = NO;
				DEBUG_INFORMATION_FORMAT = dwarf;
				ENABLE_STRICT_OBJC_MSGSEND = YES;
				ENABLE_TESTABILITY = YES;
				GCC_C_LANGUAGE_STANDARD = gnu11;
				GCC_DYNAMIC_NO_PIC = NO;
				GCC_NO_COMMON_BLOCKS = YES;
				GCC_OPTIMIZATION_LEVEL = 0;
				GCC_PREPROCESSOR_DEFINITIONS = (
					"DEBUG=1",
					"$(inherited)",
				);
				GCC_WARN_64_TO_32_BIT_CONVERSION = YES;
				GCC_WARN_ABOUT_RETURN_TYPE = YES_ERROR;
				GCC_WARN_UNDECLARED_SELECTOR = YES;
				GCC_WARN_UNINITIALIZED_AUTOS = YES_AGGRESSIVE;
				GCC_WARN_UNUSED_FUNCTION = YES;
				GCC_WARN_UNUSED_VARIABLE = YES;
				IPHONEOS_DEPLOYMENT_TARGET = 10.0;
				MTL_ENABLE_DEBUG_INFO = INCLUDE_SOURCE;
				MTL_FAST_MATH = YES;
				ONLY_ACTIVE_ARCH = YES;
				SDKROOT = iphoneos;
				SWIFT_OBJC_BRIDGING_HEADER = "";
			};
			name = Debug;
		};
		AA3B81CA242B21A900E5C680 /* Release */ = {
			isa = XCBuildConfiguration;
			buildSettings = {
				ALWAYS_SEARCH_USER_PATHS = NO;
				CLANG_ANALYZER_LOCALIZABILITY_NONLOCALIZED = YES;
				CLANG_ANALYZER_NONNULL = YES;
				CLANG_ANALYZER_NUMBER_OBJECT_CONVERSION = YES_AGGRESSIVE;
				CLANG_CXX_LANGUAGE_STANDARD = "gnu++14";
				CLANG_CXX_LIBRARY = "libc++";
				CLANG_ENABLE_MODULES = YES;
				CLANG_ENABLE_OBJC_ARC = YES;
				CLANG_ENABLE_OBJC_WEAK = YES;
				CLANG_WARN_BLOCK_CAPTURE_AUTORELEASING = YES;
				CLANG_WARN_BOOL_CONVERSION = YES;
				CLANG_WARN_COMMA = YES;
				CLANG_WARN_CONSTANT_CONVERSION = YES;
				CLANG_WARN_DEPRECATED_OBJC_IMPLEMENTATIONS = YES;
				CLANG_WARN_DIRECT_OBJC_ISA_USAGE = YES_ERROR;
				CLANG_WARN_DOCUMENTATION_COMMENTS = YES;
				CLANG_WARN_EMPTY_BODY = YES;
				CLANG_WARN_ENUM_CONVERSION = YES;
				CLANG_WARN_INFINITE_RECURSION = YES;
				CLANG_WARN_INT_CONVERSION = YES;
				CLANG_WARN_NON_LITERAL_NULL_CONVERSION = YES;
				CLANG_WARN_OBJC_IMPLICIT_RETAIN_SELF = YES;
				CLANG_WARN_OBJC_LITERAL_CONVERSION = YES;
				CLANG_WARN_OBJC_ROOT_CLASS = YES_ERROR;
				CLANG_WARN_RANGE_LOOP_ANALYSIS = YES;
				CLANG_WARN_STRICT_PROTOTYPES = YES;
				CLANG_WARN_SUSPICIOUS_MOVE = YES;
				CLANG_WARN_UNGUARDED_AVAILABILITY = YES_AGGRESSIVE;
				CLANG_WARN_UNREACHABLE_CODE = YES;
				CLANG_WARN__DUPLICATE_METHOD_MATCH = YES;
				COPY_PHASE_STRIP = NO;
				DEBUG_INFORMATION_FORMAT = "dwarf-with-dsym";
				ENABLE_NS_ASSERTIONS = NO;
				ENABLE_STRICT_OBJC_MSGSEND = YES;
				GCC_C_LANGUAGE_STANDARD = gnu11;
				GCC_NO_COMMON_BLOCKS = YES;
				GCC_WARN_64_TO_32_BIT_CONVERSION = YES;
				GCC_WARN_ABOUT_RETURN_TYPE = YES_ERROR;
				GCC_WARN_UNDECLARED_SELECTOR = YES;
				GCC_WARN_UNINITIALIZED_AUTOS = YES_AGGRESSIVE;
				GCC_WARN_UNUSED_FUNCTION = YES;
				GCC_WARN_UNUSED_VARIABLE = YES;
				IPHONEOS_DEPLOYMENT_TARGET = 10.0;
				MTL_ENABLE_DEBUG_INFO = NO;
				MTL_FAST_MATH = YES;
				SDKROOT = iphoneos;
				SWIFT_COMPILATION_MODE = wholemodule;
				SWIFT_OBJC_BRIDGING_HEADER = "";
				VALIDATE_PRODUCT = YES;
			};
			name = Release;
		};
		AA3B81CC242B21A900E5C680 /* Debug */ = {
			isa = XCBuildConfiguration;
			baseConfigurationReference = 0A5B71F06587A49A8F844122 /* Pods-HTPlace.debug.xcconfig */;
			buildSettings = {
				CODE_SIGN_STYLE = Automatic;
				DEVELOPMENT_TEAM = 5WV3MA4A3H;
				FRAMEWORK_SEARCH_PATHS = (
					"$(inherited)",
					"\"$(SRCROOT)/Pods/YYKit\"",
				);
				GCC_OPTIMIZATION_LEVEL = 1;
				GCC_PREFIX_HEADER = HTPlace/LauncherFiles/PchFile.pch;
				GCC_PREPROCESSOR_DEFINITIONS = (
					"$(inherited)",
					"COCOAPODS=1",
					"DEBUG=1",
				);
				INFOPLIST_FILE = "$(SRCROOT)/HTPlace/Info.plist";
				IPHONEOS_DEPLOYMENT_TARGET = 10.0;
				LD_RUNPATH_SEARCH_PATHS = (
					"$(inherited)",
					"@executable_path/Frameworks",
				);
				LIBRARY_SEARCH_PATHS = (
					"$(inherited)",
					"$(PROJECT_DIR)/HTPlace/HotChat/shared/ShareSDK/Support/PlatformSDK/SinaWeiboSDK",
					"$(PROJECT_DIR)/HTPlace/HotChat/shared/ShareSDK/Support/PlatformSDK/WeChatSDK",
					"$(PROJECT_DIR)/HTPlace/HotChat/UMeng/UMOnlineConfig",
					"$(PROJECT_DIR)/HTPlace/HotChat/SDK/WavConvert/lib",
					"$(PROJECT_DIR)/HTPlace/HotChat/SDK/XMPP/Vendor/libidn",
				);
				MARKETING_VERSION = 1.1;
				PRODUCT_BUNDLE_IDENTIFIER = com.theyouni;
				PRODUCT_NAME = "$(TARGET_NAME)";
				SWIFT_OBJC_BRIDGING_HEADER = HTPlace/LauncherFiles/HTBridgeFile.h;
				SWIFT_VERSION = 5.0;
				TARGETED_DEVICE_FAMILY = 1;
			};
			name = Debug;
		};
		AA3B81CD242B21A900E5C680 /* Release */ = {
			isa = XCBuildConfiguration;
			baseConfigurationReference = 35D8DF99744B60D1075BF3A0 /* Pods-HTPlace.release.xcconfig */;
			buildSettings = {
				CODE_SIGN_STYLE = Automatic;
				DEVELOPMENT_TEAM = 5WV3MA4A3H;
				FRAMEWORK_SEARCH_PATHS = "$(inherited)";
				GCC_PREFIX_HEADER = HTPlace/LauncherFiles/PchFile.pch;
				INFOPLIST_FILE = "$(SRCROOT)/HTPlace/Info.plist";
				IPHONEOS_DEPLOYMENT_TARGET = 10.0;
				LD_RUNPATH_SEARCH_PATHS = (
					"$(inherited)",
					"@executable_path/Frameworks",
				);
				LIBRARY_SEARCH_PATHS = (
					"$(inherited)",
					"$(PROJECT_DIR)/HTPlace/HotChat/shared/ShareSDK/Support/PlatformSDK/SinaWeiboSDK",
					"$(PROJECT_DIR)/HTPlace/HotChat/shared/ShareSDK/Support/PlatformSDK/WeChatSDK",
					"$(PROJECT_DIR)/HTPlace/HotChat/UMeng/UMOnlineConfig",
					"$(PROJECT_DIR)/HTPlace/HotChat/SDK/WavConvert/lib",
					"$(PROJECT_DIR)/HTPlace/HotChat/SDK/XMPP/Vendor/libidn",
				);
				MARKETING_VERSION = 1.1;
				PRODUCT_BUNDLE_IDENTIFIER = com.theyouni;
				PRODUCT_NAME = "$(TARGET_NAME)";
				SWIFT_OBJC_BRIDGING_HEADER = HTPlace/LauncherFiles/HTBridgeFile.h;
				SWIFT_VERSION = 5.0;
				TARGETED_DEVICE_FAMILY = 1;
			};
			name = Release;
		};
		AACA3C462546A00300F55BB9 /* Debug */ = {
			isa = XCBuildConfiguration;
			buildSettings = {
				BUNDLE_LOADER = "$(TEST_HOST)";
				CODE_SIGN_STYLE = Automatic;
				INFOPLIST_FILE = HTPlaceTests/Info.plist;
				IPHONEOS_DEPLOYMENT_TARGET = 13.7;
				LD_RUNPATH_SEARCH_PATHS = (
					"$(inherited)",
					"@executable_path/Frameworks",
					"@loader_path/Frameworks",
				);
				PRODUCT_BUNDLE_IDENTIFIER = com.imbaTao.HTPlaceTests;
				PRODUCT_NAME = "$(TARGET_NAME)";
				SWIFT_ACTIVE_COMPILATION_CONDITIONS = DEBUG;
				SWIFT_OPTIMIZATION_LEVEL = "-Onone";
				SWIFT_VERSION = 5.0;
				TARGETED_DEVICE_FAMILY = "1,2";
				TEST_HOST = "$(BUILT_PRODUCTS_DIR)/HTPlace.app/HTPlace";
			};
			name = Debug;
		};
		AACA3C472546A00300F55BB9 /* Release */ = {
			isa = XCBuildConfiguration;
			buildSettings = {
				BUNDLE_LOADER = "$(TEST_HOST)";
				CODE_SIGN_STYLE = Automatic;
				INFOPLIST_FILE = HTPlaceTests/Info.plist;
				IPHONEOS_DEPLOYMENT_TARGET = 13.7;
				LD_RUNPATH_SEARCH_PATHS = (
					"$(inherited)",
					"@executable_path/Frameworks",
					"@loader_path/Frameworks",
				);
				PRODUCT_BUNDLE_IDENTIFIER = com.imbaTao.HTPlaceTests;
				PRODUCT_NAME = "$(TARGET_NAME)";
				SWIFT_COMPILATION_MODE = wholemodule;
				SWIFT_OPTIMIZATION_LEVEL = "-O";
				SWIFT_VERSION = 5.0;
				TARGETED_DEVICE_FAMILY = "1,2";
				TEST_HOST = "$(BUILT_PRODUCTS_DIR)/HTPlace.app/HTPlace";
			};
			name = Release;
		};
/* End XCBuildConfiguration section */

/* Begin XCConfigurationList section */
		AA3B81AD242B21A600E5C680 /* Build configuration list for PBXProject "HTPlace" */ = {
			isa = XCConfigurationList;
			buildConfigurations = (
				AA3B81C9242B21A900E5C680 /* Debug */,
				AA3B81CA242B21A900E5C680 /* Release */,
			);
			defaultConfigurationIsVisible = 0;
			defaultConfigurationName = Release;
		};
		AA3B81CB242B21A900E5C680 /* Build configuration list for PBXNativeTarget "HTPlace" */ = {
			isa = XCConfigurationList;
			buildConfigurations = (
				AA3B81CC242B21A900E5C680 /* Debug */,
				AA3B81CD242B21A900E5C680 /* Release */,
			);
			defaultConfigurationIsVisible = 0;
			defaultConfigurationName = Release;
		};
		AACA3C482546A00300F55BB9 /* Build configuration list for PBXNativeTarget "HTPlaceTests" */ = {
			isa = XCConfigurationList;
			buildConfigurations = (
				AACA3C462546A00300F55BB9 /* Debug */,
				AACA3C472546A00300F55BB9 /* Release */,
			);
			defaultConfigurationIsVisible = 0;
			defaultConfigurationName = Release;
		};
/* End XCConfigurationList section */

/* Begin XCSwiftPackageProductDependency section */
		AADD462A2553B43E009142FE /* HTBox */ = {
			isa = XCSwiftPackageProductDependency;
			productName = HTBox;
		};
/* End XCSwiftPackageProductDependency section */
	};
	rootObject = AA3B81AA242B21A600E5C680 /* Project object */;
}
