// !$*UTF8*$!
{
	archiveVersion = 1;
	classes = {
	};
	objectVersion = 51;
	objects = {

/* Begin PBXBuildFile section */
		AA2D01FB242C891C006E9933 /* Assets.xcassets in Resources */ = {isa = PBXBuildFile; fileRef = AA2D01FA242C891C006E9933 /* Assets.xcassets */; };
		AA2D021A242C8924006E9933 /* TempSearchBar.m in Sources */ = {isa = PBXBuildFile; fileRef = AA2D01FE242C8924006E9933 /* TempSearchBar.m */; };
		AA2D021B242C8924006E9933 /* HomeCollectionView.m in Sources */ = {isa = PBXBuildFile; fileRef = AA2D0206242C8924006E9933 /* HomeCollectionView.m */; };
		AA2D021C242C8924006E9933 /* HomeViewController.m in Sources */ = {isa = PBXBuildFile; fileRef = AA2D0208242C8924006E9933 /* HomeViewController.m */; };
		AA2D021D242C8924006E9933 /* BaseViewController.m in Sources */ = {isa = PBXBuildFile; fileRef = AA2D0214242C8924006E9933 /* BaseViewController.m */; };
		AA2D021E242C8924006E9933 /* BridgeBaseViewController.m in Sources */ = {isa = PBXBuildFile; fileRef = AA2D0215242C8924006E9933 /* BridgeBaseViewController.m */; };
		AA3B81BD242B21A600E5C680 /* ViewController.m in Sources */ = {isa = PBXBuildFile; fileRef = AA3B81BC242B21A600E5C680 /* ViewController.m */; };
		AA3B81C0242B21A600E5C680 /* Main.storyboard in Resources */ = {isa = PBXBuildFile; fileRef = AA3B81BE242B21A600E5C680 /* Main.storyboard */; };
		AA3B81C5242B21A900E5C680 /* LaunchScreen.storyboard in Resources */ = {isa = PBXBuildFile; fileRef = AA3B81C3242B21A900E5C680 /* LaunchScreen.storyboard */; };
		AA3B8264242B21BE00E5C680 /* HTNetworking.m in Sources */ = {isa = PBXBuildFile; fileRef = AA3B81D7242B21BE00E5C680 /* HTNetworking.m */; };
		AA3B8265242B21BE00E5C680 /* HTNetworkingDomainModel.m in Sources */ = {isa = PBXBuildFile; fileRef = AA3B81D8242B21BE00E5C680 /* HTNetworkingDomainModel.m */; };
		AA3B8266242B21BE00E5C680 /* HTNetworkingDataModel.m in Sources */ = {isa = PBXBuildFile; fileRef = AA3B81D9242B21BE00E5C680 /* HTNetworkingDataModel.m */; };
		AA3B8267242B21BE00E5C680 /* HTDebugger.m in Sources */ = {isa = PBXBuildFile; fileRef = AA3B81DE242B21BE00E5C680 /* HTDebugger.m */; };
		AA3B8268242B21BE00E5C680 /* HTAuthorizer.m in Sources */ = {isa = PBXBuildFile; fileRef = AA3B81E1242B21BE00E5C680 /* HTAuthorizer.m */; };
		AA3B8269242B21BE00E5C680 /* UIImage+HTEx.m in Sources */ = {isa = PBXBuildFile; fileRef = AA3B81E6242B21BE00E5C680 /* UIImage+HTEx.m */; };
		AA3B826A242B21BE00E5C680 /* UILabel+HTEx.m in Sources */ = {isa = PBXBuildFile; fileRef = AA3B81E9242B21BE00E5C680 /* UILabel+HTEx.m */; };
		AA3B826B242B21BE00E5C680 /* UIScrollView+HTRefresh.m in Sources */ = {isa = PBXBuildFile; fileRef = AA3B81ED242B21BE00E5C680 /* UIScrollView+HTRefresh.m */; };
		AA3B826C242B21BE00E5C680 /* UIFont+HTFont.m in Sources */ = {isa = PBXBuildFile; fileRef = AA3B81EF242B21BE00E5C680 /* UIFont+HTFont.m */; };
		AA3B826D242B21BE00E5C680 /* UIBarButtonItem+SXCreate.m in Sources */ = {isa = PBXBuildFile; fileRef = AA3B81F1242B21BE00E5C680 /* UIBarButtonItem+SXCreate.m */; };
		AA3B826E242B21BE00E5C680 /* UIButton+HTButton.m in Sources */ = {isa = PBXBuildFile; fileRef = AA3B81F5242B21BE00E5C680 /* UIButton+HTButton.m */; };
		AA3B826F242B21BE00E5C680 /* UIColor+HTColorExtentsion.m in Sources */ = {isa = PBXBuildFile; fileRef = AA3B81F8242B21BE00E5C680 /* UIColor+HTColorExtentsion.m */; };
		AA3B8270242B21BE00E5C680 /* UIView+HTUIViewTool.m in Sources */ = {isa = PBXBuildFile; fileRef = AA3B81FD242B21BE00E5C680 /* UIView+HTUIViewTool.m */; };
		AA3B8271242B21BE00E5C680 /* UIView+HTView.m in Sources */ = {isa = PBXBuildFile; fileRef = AA3B81FE242B21BE00E5C680 /* UIView+HTView.m */; };
		AA3B8272242B21BE00E5C680 /* UIView+HTViewLayout.m in Sources */ = {isa = PBXBuildFile; fileRef = AA3B81FF242B21BE00E5C680 /* UIView+HTViewLayout.m */; };
		AA3B8273242B21BE00E5C680 /* HTEqualSpaceFlowLayout.m in Sources */ = {isa = PBXBuildFile; fileRef = AA3B8201242B21BE00E5C680 /* HTEqualSpaceFlowLayout.m */; };
		AA3B8274242B21BE00E5C680 /* UICollectionViewFlowLayout+HTUICollectionViewFlowLayout.m in Sources */ = {isa = PBXBuildFile; fileRef = AA3B8203242B21BE00E5C680 /* UICollectionViewFlowLayout+HTUICollectionViewFlowLayout.m */; };
		AA3B8275242B21BE00E5C680 /* UICollectionView+HTCollectionView.m in Sources */ = {isa = PBXBuildFile; fileRef = AA3B8205242B21BE00E5C680 /* UICollectionView+HTCollectionView.m */; };
		AA3B8276242B21BE00E5C680 /* UIImageView+HTImageView.m in Sources */ = {isa = PBXBuildFile; fileRef = AA3B8208242B21BE00E5C680 /* UIImageView+HTImageView.m */; };
		AA3B8277242B21BE00E5C680 /* NSString+HTTime.m in Sources */ = {isa = PBXBuildFile; fileRef = AA3B820C242B21BE00E5C680 /* NSString+HTTime.m */; };
		AA3B8278242B21BE00E5C680 /* NSAttributedString+Colorful.m in Sources */ = {isa = PBXBuildFile; fileRef = AA3B820D242B21BE00E5C680 /* NSAttributedString+Colorful.m */; };
		AA3B8279242B21BE00E5C680 /* UIViewController+HTViewController.m in Sources */ = {isa = PBXBuildFile; fileRef = AA3B8210242B21BE00E5C680 /* UIViewController+HTViewController.m */; };
		AA3B827A242B21BE00E5C680 /* UINavigationBar+HTNavigationBar.m in Sources */ = {isa = PBXBuildFile; fileRef = AA3B8215242B21BE00E5C680 /* UINavigationBar+HTNavigationBar.m */; };
		AA3B827B242B21BE00E5C680 /* UINavigationController+HTUINavigationController.m in Sources */ = {isa = PBXBuildFile; fileRef = AA3B8217242B21BE00E5C680 /* UINavigationController+HTUINavigationController.m */; };
		AA3B827C242B21BE00E5C680 /* NSDate+HTDate.m in Sources */ = {isa = PBXBuildFile; fileRef = AA3B8219242B21BE00E5C680 /* NSDate+HTDate.m */; };
		AA3B827D242B21BE00E5C680 /* HTSVIndefiniteAnimatedViewWhiteCircle.png in Resources */ = {isa = PBXBuildFile; fileRef = AA3B821F242B21BE00E5C680 /* HTSVIndefiniteAnimatedViewWhiteCircle.png */; };
		AA3B827E242B21BE00E5C680 /* HTSVIndefiniteAnimatedView.m in Sources */ = {isa = PBXBuildFile; fileRef = AA3B8220242B21BE00E5C680 /* HTSVIndefiniteAnimatedView.m */; };
		AA3B827F242B21BE00E5C680 /* HTHud.m in Sources */ = {isa = PBXBuildFile; fileRef = AA3B8221242B21BE00E5C680 /* HTHud.m */; };
		AA3B8280242B21BE00E5C680 /* HTHudManager.m in Sources */ = {isa = PBXBuildFile; fileRef = AA3B8222242B21BE00E5C680 /* HTHudManager.m */; };
		AA3B8281242B21BE00E5C680 /* HTElevatorBoard.m in Sources */ = {isa = PBXBuildFile; fileRef = AA3B8226242B21BE00E5C680 /* HTElevatorBoard.m */; };
		AA3B8282242B21BE00E5C680 /* HTMaskBoard.m in Sources */ = {isa = PBXBuildFile; fileRef = AA3B8229242B21BE00E5C680 /* HTMaskBoard.m */; };
		AA3B8283242B21BE00E5C680 /* HTFickleButton.m in Sources */ = {isa = PBXBuildFile; fileRef = AA3B822C242B21BE00E5C680 /* HTFickleButton.m */; };
		AA3B8284242B21BE00E5C680 /* HTDrawerView.m in Sources */ = {isa = PBXBuildFile; fileRef = AA3B8230242B21BE00E5C680 /* HTDrawerView.m */; };
		AA3B8285242B21BE00E5C680 /* HTLabel.m in Sources */ = {isa = PBXBuildFile; fileRef = AA3B8232242B21BE00E5C680 /* HTLabel.m */; };
		AA3B8286242B21BE00E5C680 /* HTPageControl.m in Sources */ = {isa = PBXBuildFile; fileRef = AA3B8235242B21BE00E5C680 /* HTPageControl.m */; };
		AA3B8287242B21BE00E5C680 /* HTCycleViewManager.m in Sources */ = {isa = PBXBuildFile; fileRef = AA3B8238242B21BE00E5C680 /* HTCycleViewManager.m */; };
		AA3B8288242B21BE00E5C680 /* HTCycleViewConfigModel.m in Sources */ = {isa = PBXBuildFile; fileRef = AA3B823B242B21BE00E5C680 /* HTCycleViewConfigModel.m */; };
		AA3B8289242B21BE00E5C680 /* HTCycleView.m in Sources */ = {isa = PBXBuildFile; fileRef = AA3B823D242B21BE00E5C680 /* HTCycleView.m */; };
		AA3B828A242B21BE00E5C680 /* HTCommonTableViewModel.m in Sources */ = {isa = PBXBuildFile; fileRef = AA3B8242242B21BE00E5C680 /* HTCommonTableViewModel.m */; };
		AA3B828B242B21BE00E5C680 /* HTCommonTableViewCell.m in Sources */ = {isa = PBXBuildFile; fileRef = AA3B8246242B21BE00E5C680 /* HTCommonTableViewCell.m */; };
		AA3B828C242B21BE00E5C680 /* HTCommonTableView.m in Sources */ = {isa = PBXBuildFile; fileRef = AA3B8248242B21BE00E5C680 /* HTCommonTableView.m */; };
		AA3B828D242B21BE00E5C680 /* HTCommonTableViewController.m in Sources */ = {isa = PBXBuildFile; fileRef = AA3B824C242B21BE00E5C680 /* HTCommonTableViewController.m */; };
		AA3B828E242B21BE00E5C680 /* HTCommonViewController.m in Sources */ = {isa = PBXBuildFile; fileRef = AA3B824E242B21BE00E5C680 /* HTCommonViewController.m */; };
		AA3B828F242B21BE00E5C680 /* HTCommonViewModel.m in Sources */ = {isa = PBXBuildFile; fileRef = AA3B8251242B21BE00E5C680 /* HTCommonViewModel.m */; };
		AA3B8290242B21BE00E5C680 /* HTCommonCollectionViewController.m in Sources */ = {isa = PBXBuildFile; fileRef = AA3B8256242B21BE00E5C680 /* HTCommonCollectionViewController.m */; };
		AA3B8291242B21BE00E5C680 /* HTCommonCollectionView.m in Sources */ = {isa = PBXBuildFile; fileRef = AA3B8259242B21BE00E5C680 /* HTCommonCollectionView.m */; };
		AA3B8292242B21BE00E5C680 /* HTCommonCollectionViewModel.m in Sources */ = {isa = PBXBuildFile; fileRef = AA3B825B242B21BE00E5C680 /* HTCommonCollectionViewModel.m */; };
		AA3B8293242B21BE00E5C680 /* HTCommonCollectionViewCell.m in Sources */ = {isa = PBXBuildFile; fileRef = AA3B825E242B21BE00E5C680 /* HTCommonCollectionViewCell.m */; };
		AA3B8294242B21BE00E5C680 /* HTCommonTabbarController.m in Sources */ = {isa = PBXBuildFile; fileRef = AA3B8263242B21BE00E5C680 /* HTCommonTabbarController.m */; };
		AA3B82D8242B244300E5C680 /* main.m in Sources */ = {isa = PBXBuildFile; fileRef = AA3B82D3242B244300E5C680 /* main.m */; };
		AA3B82D9242B244300E5C680 /* AppDelegate.m in Sources */ = {isa = PBXBuildFile; fileRef = AA3B82D5242B244300E5C680 /* AppDelegate.m */; };
		E10C7A2A7E85712C9B428321 /* libPods-HTPlace1.a in Frameworks */ = {isa = PBXBuildFile; fileRef = 8DAFE109BBC847A585B774F0 /* libPods-HTPlace1.a */; };
/* End PBXBuildFile section */

/* Begin PBXFileReference section */
		66F891D2E6E68CB205269B03 /* Pods-HTPlace1.debug.xcconfig */ = {isa = PBXFileReference; includeInIndex = 1; lastKnownFileType = text.xcconfig; name = "Pods-HTPlace1.debug.xcconfig"; path = "Target Support Files/Pods-HTPlace1/Pods-HTPlace1.debug.xcconfig"; sourceTree = "<group>"; };
		8DAFE109BBC847A585B774F0 /* libPods-HTPlace1.a */ = {isa = PBXFileReference; explicitFileType = archive.ar; includeInIndex = 0; path = "libPods-HTPlace1.a"; sourceTree = BUILT_PRODUCTS_DIR; };
		AA2D01FA242C891C006E9933 /* Assets.xcassets */ = {isa = PBXFileReference; lastKnownFileType = folder.assetcatalog; path = Assets.xcassets; sourceTree = "<group>"; };
		AA2D01FE242C8924006E9933 /* TempSearchBar.m */ = {isa = PBXFileReference; fileEncoding = 4; lastKnownFileType = sourcecode.c.objc; path = TempSearchBar.m; sourceTree = "<group>"; };
		AA2D01FF242C8924006E9933 /* TempSearchBar.h */ = {isa = PBXFileReference; fileEncoding = 4; lastKnownFileType = sourcecode.c.h; path = TempSearchBar.h; sourceTree = "<group>"; };
		AA2D0205242C8924006E9933 /* HomeCollectionView.h */ = {isa = PBXFileReference; fileEncoding = 4; lastKnownFileType = sourcecode.c.h; path = HomeCollectionView.h; sourceTree = "<group>"; };
		AA2D0206242C8924006E9933 /* HomeCollectionView.m */ = {isa = PBXFileReference; fileEncoding = 4; lastKnownFileType = sourcecode.c.objc; path = HomeCollectionView.m; sourceTree = "<group>"; };
		AA2D0208242C8924006E9933 /* HomeViewController.m */ = {isa = PBXFileReference; fileEncoding = 4; lastKnownFileType = sourcecode.c.objc; path = HomeViewController.m; sourceTree = "<group>"; };
		AA2D0209242C8924006E9933 /* HomeViewController.h */ = {isa = PBXFileReference; fileEncoding = 4; lastKnownFileType = sourcecode.c.h; path = HomeViewController.h; sourceTree = "<group>"; };
		AA2D0214242C8924006E9933 /* BaseViewController.m */ = {isa = PBXFileReference; fileEncoding = 4; lastKnownFileType = sourcecode.c.objc; path = BaseViewController.m; sourceTree = "<group>"; };
		AA2D0215242C8924006E9933 /* BridgeBaseViewController.m */ = {isa = PBXFileReference; fileEncoding = 4; lastKnownFileType = sourcecode.c.objc; path = BridgeBaseViewController.m; sourceTree = "<group>"; };
		AA2D0216242C8924006E9933 /* BaseViewController.h */ = {isa = PBXFileReference; fileEncoding = 4; lastKnownFileType = sourcecode.c.h; path = BaseViewController.h; sourceTree = "<group>"; };
		AA2D0217242C8924006E9933 /* BridgeBaseViewController.h */ = {isa = PBXFileReference; fileEncoding = 4; lastKnownFileType = sourcecode.c.h; path = BridgeBaseViewController.h; sourceTree = "<group>"; };
		AA3B81B2242B21A600E5C680 /* HTPlace.app */ = {isa = PBXFileReference; explicitFileType = wrapper.application; includeInIndex = 0; path = HTPlace.app; sourceTree = BUILT_PRODUCTS_DIR; };
		AA3B81BB242B21A600E5C680 /* ViewController.h */ = {isa = PBXFileReference; lastKnownFileType = sourcecode.c.h; path = ViewController.h; sourceTree = "<group>"; };
		AA3B81BC242B21A600E5C680 /* ViewController.m */ = {isa = PBXFileReference; lastKnownFileType = sourcecode.c.objc; path = ViewController.m; sourceTree = "<group>"; };
		AA3B81BF242B21A600E5C680 /* Base */ = {isa = PBXFileReference; lastKnownFileType = file.storyboard; name = Base; path = Base.lproj/Main.storyboard; sourceTree = "<group>"; };
		AA3B81C4242B21A900E5C680 /* Base */ = {isa = PBXFileReference; lastKnownFileType = file.storyboard; name = Base; path = Base.lproj/LaunchScreen.storyboard; sourceTree = "<group>"; };
		AA3B81C6242B21A900E5C680 /* Info.plist */ = {isa = PBXFileReference; lastKnownFileType = text.plist.xml; name = Info.plist; path = ../Info.plist; sourceTree = "<group>"; };
		AA3B81D0242B21BE00E5C680 /* HTColorMacro.h */ = {isa = PBXFileReference; fileEncoding = 4; lastKnownFileType = sourcecode.c.h; path = HTColorMacro.h; sourceTree = "<group>"; };
		AA3B81D1242B21BE00E5C680 /* HTCommonUserMacro.h */ = {isa = PBXFileReference; fileEncoding = 4; lastKnownFileType = sourcecode.c.h; path = HTCommonUserMacro.h; sourceTree = "<group>"; };
		AA3B81D2242B21BE00E5C680 /* HTMacro.h */ = {isa = PBXFileReference; fileEncoding = 4; lastKnownFileType = sourcecode.c.h; path = HTMacro.h; sourceTree = "<group>"; };
		AA3B81D3242B21BE00E5C680 /* HTSingletonMacro.h */ = {isa = PBXFileReference; fileEncoding = 4; lastKnownFileType = sourcecode.c.h; path = HTSingletonMacro.h; sourceTree = "<group>"; };
		AA3B81D4242B21BE00E5C680 /* HTThirdPartyMacro.h */ = {isa = PBXFileReference; fileEncoding = 4; lastKnownFileType = sourcecode.c.h; path = HTThirdPartyMacro.h; sourceTree = "<group>"; };
		AA3B81D6242B21BE00E5C680 /* HTNetworkingDataModel.h */ = {isa = PBXFileReference; fileEncoding = 4; lastKnownFileType = sourcecode.c.h; path = HTNetworkingDataModel.h; sourceTree = "<group>"; };
		AA3B81D7242B21BE00E5C680 /* HTNetworking.m */ = {isa = PBXFileReference; fileEncoding = 4; lastKnownFileType = sourcecode.c.objc; path = HTNetworking.m; sourceTree = "<group>"; };
		AA3B81D8242B21BE00E5C680 /* HTNetworkingDomainModel.m */ = {isa = PBXFileReference; fileEncoding = 4; lastKnownFileType = sourcecode.c.objc; path = HTNetworkingDomainModel.m; sourceTree = "<group>"; };
		AA3B81D9242B21BE00E5C680 /* HTNetworkingDataModel.m */ = {isa = PBXFileReference; fileEncoding = 4; lastKnownFileType = sourcecode.c.objc; path = HTNetworkingDataModel.m; sourceTree = "<group>"; };
		AA3B81DA242B21BE00E5C680 /* HTNetworking.h */ = {isa = PBXFileReference; fileEncoding = 4; lastKnownFileType = sourcecode.c.h; path = HTNetworking.h; sourceTree = "<group>"; };
		AA3B81DB242B21BE00E5C680 /* HTNetworkingDomainModel.h */ = {isa = PBXFileReference; fileEncoding = 4; lastKnownFileType = sourcecode.c.h; path = HTNetworkingDomainModel.h; sourceTree = "<group>"; };
		AA3B81DC242B21BE00E5C680 /* HTToolBox.h */ = {isa = PBXFileReference; fileEncoding = 4; lastKnownFileType = sourcecode.c.h; path = HTToolBox.h; sourceTree = "<group>"; };
		AA3B81DE242B21BE00E5C680 /* HTDebugger.m */ = {isa = PBXFileReference; fileEncoding = 4; lastKnownFileType = sourcecode.c.objc; path = HTDebugger.m; sourceTree = "<group>"; };
		AA3B81DF242B21BE00E5C680 /* HTDebugger.h */ = {isa = PBXFileReference; fileEncoding = 4; lastKnownFileType = sourcecode.c.h; path = HTDebugger.h; sourceTree = "<group>"; };
		AA3B81E1242B21BE00E5C680 /* HTAuthorizer.m */ = {isa = PBXFileReference; fileEncoding = 4; lastKnownFileType = sourcecode.c.objc; path = HTAuthorizer.m; sourceTree = "<group>"; };
		AA3B81E2242B21BE00E5C680 /* HTAuthorizer.h */ = {isa = PBXFileReference; fileEncoding = 4; lastKnownFileType = sourcecode.c.h; path = HTAuthorizer.h; sourceTree = "<group>"; };
		AA3B81E4242B21BE00E5C680 /* HTCategories.h */ = {isa = PBXFileReference; fileEncoding = 4; lastKnownFileType = sourcecode.c.h; path = HTCategories.h; sourceTree = "<group>"; };
		AA3B81E6242B21BE00E5C680 /* UIImage+HTEx.m */ = {isa = PBXFileReference; fileEncoding = 4; lastKnownFileType = sourcecode.c.objc; path = "UIImage+HTEx.m"; sourceTree = "<group>"; };
		AA3B81E7242B21BE00E5C680 /* UIImage+HTEx.h */ = {isa = PBXFileReference; fileEncoding = 4; lastKnownFileType = sourcecode.c.h; path = "UIImage+HTEx.h"; sourceTree = "<group>"; };
		AA3B81E9242B21BE00E5C680 /* UILabel+HTEx.m */ = {isa = PBXFileReference; fileEncoding = 4; lastKnownFileType = sourcecode.c.objc; path = "UILabel+HTEx.m"; sourceTree = "<group>"; };
		AA3B81EA242B21BE00E5C680 /* UILabel+HTEx.h */ = {isa = PBXFileReference; fileEncoding = 4; lastKnownFileType = sourcecode.c.h; path = "UILabel+HTEx.h"; sourceTree = "<group>"; };
		AA3B81EC242B21BE00E5C680 /* UIScrollView+HTRefresh.h */ = {isa = PBXFileReference; fileEncoding = 4; lastKnownFileType = sourcecode.c.h; path = "UIScrollView+HTRefresh.h"; sourceTree = "<group>"; };
		AA3B81ED242B21BE00E5C680 /* UIScrollView+HTRefresh.m */ = {isa = PBXFileReference; fileEncoding = 4; lastKnownFileType = sourcecode.c.objc; path = "UIScrollView+HTRefresh.m"; sourceTree = "<group>"; };
		AA3B81EF242B21BE00E5C680 /* UIFont+HTFont.m */ = {isa = PBXFileReference; fileEncoding = 4; lastKnownFileType = sourcecode.c.objc; path = "UIFont+HTFont.m"; sourceTree = "<group>"; };
		AA3B81F0242B21BE00E5C680 /* UIBarButtonItem+SXCreate.h */ = {isa = PBXFileReference; fileEncoding = 4; lastKnownFileType = sourcecode.c.h; path = "UIBarButtonItem+SXCreate.h"; sourceTree = "<group>"; };
		AA3B81F1242B21BE00E5C680 /* UIBarButtonItem+SXCreate.m */ = {isa = PBXFileReference; fileEncoding = 4; lastKnownFileType = sourcecode.c.objc; path = "UIBarButtonItem+SXCreate.m"; sourceTree = "<group>"; };
		AA3B81F2242B21BE00E5C680 /* UIFont+HTFont.h */ = {isa = PBXFileReference; fileEncoding = 4; lastKnownFileType = sourcecode.c.h; path = "UIFont+HTFont.h"; sourceTree = "<group>"; };
		AA3B81F4242B21BE00E5C680 /* UIButton+HTButton.h */ = {isa = PBXFileReference; fileEncoding = 4; lastKnownFileType = sourcecode.c.h; path = "UIButton+HTButton.h"; sourceTree = "<group>"; };
		AA3B81F5242B21BE00E5C680 /* UIButton+HTButton.m */ = {isa = PBXFileReference; fileEncoding = 4; lastKnownFileType = sourcecode.c.objc; path = "UIButton+HTButton.m"; sourceTree = "<group>"; };
		AA3B81F7242B21BE00E5C680 /* UIColor+HTColorExtentsion.h */ = {isa = PBXFileReference; fileEncoding = 4; lastKnownFileType = sourcecode.c.h; path = "UIColor+HTColorExtentsion.h"; sourceTree = "<group>"; };
		AA3B81F8242B21BE00E5C680 /* UIColor+HTColorExtentsion.m */ = {isa = PBXFileReference; fileEncoding = 4; lastKnownFileType = sourcecode.c.objc; path = "UIColor+HTColorExtentsion.m"; sourceTree = "<group>"; };
		AA3B81FA242B21BE00E5C680 /* UIView+HTUIViewTool.h */ = {isa = PBXFileReference; fileEncoding = 4; lastKnownFileType = sourcecode.c.h; path = "UIView+HTUIViewTool.h"; sourceTree = "<group>"; };
		AA3B81FB242B21BE00E5C680 /* UIView+HTViewLayout.h */ = {isa = PBXFileReference; fileEncoding = 4; lastKnownFileType = sourcecode.c.h; path = "UIView+HTViewLayout.h"; sourceTree = "<group>"; };
		AA3B81FC242B21BE00E5C680 /* UIView+HTView.h */ = {isa = PBXFileReference; fileEncoding = 4; lastKnownFileType = sourcecode.c.h; path = "UIView+HTView.h"; sourceTree = "<group>"; };
		AA3B81FD242B21BE00E5C680 /* UIView+HTUIViewTool.m */ = {isa = PBXFileReference; fileEncoding = 4; lastKnownFileType = sourcecode.c.objc; path = "UIView+HTUIViewTool.m"; sourceTree = "<group>"; };
		AA3B81FE242B21BE00E5C680 /* UIView+HTView.m */ = {isa = PBXFileReference; fileEncoding = 4; lastKnownFileType = sourcecode.c.objc; path = "UIView+HTView.m"; sourceTree = "<group>"; };
		AA3B81FF242B21BE00E5C680 /* UIView+HTViewLayout.m */ = {isa = PBXFileReference; fileEncoding = 4; lastKnownFileType = sourcecode.c.objc; path = "UIView+HTViewLayout.m"; sourceTree = "<group>"; };
		AA3B8201242B21BE00E5C680 /* HTEqualSpaceFlowLayout.m */ = {isa = PBXFileReference; fileEncoding = 4; lastKnownFileType = sourcecode.c.objc; path = HTEqualSpaceFlowLayout.m; sourceTree = "<group>"; };
		AA3B8202242B21BE00E5C680 /* UICollectionView+HTCollectionView.h */ = {isa = PBXFileReference; fileEncoding = 4; lastKnownFileType = sourcecode.c.h; path = "UICollectionView+HTCollectionView.h"; sourceTree = "<group>"; };
		AA3B8203242B21BE00E5C680 /* UICollectionViewFlowLayout+HTUICollectionViewFlowLayout.m */ = {isa = PBXFileReference; fileEncoding = 4; lastKnownFileType = sourcecode.c.objc; path = "UICollectionViewFlowLayout+HTUICollectionViewFlowLayout.m"; sourceTree = "<group>"; };
		AA3B8204242B21BE00E5C680 /* HTEqualSpaceFlowLayout.h */ = {isa = PBXFileReference; fileEncoding = 4; lastKnownFileType = sourcecode.c.h; path = HTEqualSpaceFlowLayout.h; sourceTree = "<group>"; };
		AA3B8205242B21BE00E5C680 /* UICollectionView+HTCollectionView.m */ = {isa = PBXFileReference; fileEncoding = 4; lastKnownFileType = sourcecode.c.objc; path = "UICollectionView+HTCollectionView.m"; sourceTree = "<group>"; };
		AA3B8206242B21BE00E5C680 /* UICollectionViewFlowLayout+HTUICollectionViewFlowLayout.h */ = {isa = PBXFileReference; fileEncoding = 4; lastKnownFileType = sourcecode.c.h; path = "UICollectionViewFlowLayout+HTUICollectionViewFlowLayout.h"; sourceTree = "<group>"; };
		AA3B8208242B21BE00E5C680 /* UIImageView+HTImageView.m */ = {isa = PBXFileReference; fileEncoding = 4; lastKnownFileType = sourcecode.c.objc; path = "UIImageView+HTImageView.m"; sourceTree = "<group>"; };
		AA3B8209242B21BE00E5C680 /* UIImageView+HTImageView.h */ = {isa = PBXFileReference; fileEncoding = 4; lastKnownFileType = sourcecode.c.h; path = "UIImageView+HTImageView.h"; sourceTree = "<group>"; };
		AA3B820B242B21BE00E5C680 /* NSAttributedString+Colorful.h */ = {isa = PBXFileReference; fileEncoding = 4; lastKnownFileType = sourcecode.c.h; path = "NSAttributedString+Colorful.h"; sourceTree = "<group>"; };
		AA3B820C242B21BE00E5C680 /* NSString+HTTime.m */ = {isa = PBXFileReference; fileEncoding = 4; lastKnownFileType = sourcecode.c.objc; path = "NSString+HTTime.m"; sourceTree = "<group>"; };
		AA3B820D242B21BE00E5C680 /* NSAttributedString+Colorful.m */ = {isa = PBXFileReference; fileEncoding = 4; lastKnownFileType = sourcecode.c.objc; path = "NSAttributedString+Colorful.m"; sourceTree = "<group>"; };
		AA3B820E242B21BE00E5C680 /* NSString+HTTime.h */ = {isa = PBXFileReference; fileEncoding = 4; lastKnownFileType = sourcecode.c.h; path = "NSString+HTTime.h"; sourceTree = "<group>"; };
		AA3B8210242B21BE00E5C680 /* UIViewController+HTViewController.m */ = {isa = PBXFileReference; fileEncoding = 4; lastKnownFileType = sourcecode.c.objc; path = "UIViewController+HTViewController.m"; sourceTree = "<group>"; };
		AA3B8211242B21BE00E5C680 /* UIViewController+HTViewController.h */ = {isa = PBXFileReference; fileEncoding = 4; lastKnownFileType = sourcecode.c.h; path = "UIViewController+HTViewController.h"; sourceTree = "<group>"; };
		AA3B8213242B21BE00E5C680 /* UINavigationController+HTUINavigationController.h */ = {isa = PBXFileReference; fileEncoding = 4; lastKnownFileType = sourcecode.c.h; path = "UINavigationController+HTUINavigationController.h"; sourceTree = "<group>"; };
		AA3B8215242B21BE00E5C680 /* UINavigationBar+HTNavigationBar.m */ = {isa = PBXFileReference; fileEncoding = 4; lastKnownFileType = sourcecode.c.objc; path = "UINavigationBar+HTNavigationBar.m"; sourceTree = "<group>"; };
		AA3B8216242B21BE00E5C680 /* UINavigationBar+HTNavigationBar.h */ = {isa = PBXFileReference; fileEncoding = 4; lastKnownFileType = sourcecode.c.h; path = "UINavigationBar+HTNavigationBar.h"; sourceTree = "<group>"; };
		AA3B8217242B21BE00E5C680 /* UINavigationController+HTUINavigationController.m */ = {isa = PBXFileReference; fileEncoding = 4; lastKnownFileType = sourcecode.c.objc; path = "UINavigationController+HTUINavigationController.m"; sourceTree = "<group>"; };
		AA3B8219242B21BE00E5C680 /* NSDate+HTDate.m */ = {isa = PBXFileReference; fileEncoding = 4; lastKnownFileType = sourcecode.c.objc; path = "NSDate+HTDate.m"; sourceTree = "<group>"; };
		AA3B821A242B21BE00E5C680 /* NSDate+HTDate.h */ = {isa = PBXFileReference; fileEncoding = 4; lastKnownFileType = sourcecode.c.h; path = "NSDate+HTDate.h"; sourceTree = "<group>"; };
		AA3B821E242B21BE00E5C680 /* HTHudManager.h */ = {isa = PBXFileReference; fileEncoding = 4; lastKnownFileType = sourcecode.c.h; path = HTHudManager.h; sourceTree = "<group>"; };
		AA3B821F242B21BE00E5C680 /* HTSVIndefiniteAnimatedViewWhiteCircle.png */ = {isa = PBXFileReference; lastKnownFileType = image.png; path = HTSVIndefiniteAnimatedViewWhiteCircle.png; sourceTree = "<group>"; };
		AA3B8220242B21BE00E5C680 /* HTSVIndefiniteAnimatedView.m */ = {isa = PBXFileReference; fileEncoding = 4; lastKnownFileType = sourcecode.c.objc; path = HTSVIndefiniteAnimatedView.m; sourceTree = "<group>"; };
		AA3B8221242B21BE00E5C680 /* HTHud.m */ = {isa = PBXFileReference; fileEncoding = 4; lastKnownFileType = sourcecode.c.objc; path = HTHud.m; sourceTree = "<group>"; };
		AA3B8222242B21BE00E5C680 /* HTHudManager.m */ = {isa = PBXFileReference; fileEncoding = 4; lastKnownFileType = sourcecode.c.objc; path = HTHudManager.m; sourceTree = "<group>"; };
		AA3B8223242B21BE00E5C680 /* HTSVIndefiniteAnimatedView.h */ = {isa = PBXFileReference; fileEncoding = 4; lastKnownFileType = sourcecode.c.h; path = HTSVIndefiniteAnimatedView.h; sourceTree = "<group>"; };
		AA3B8224242B21BE00E5C680 /* HTHud.h */ = {isa = PBXFileReference; fileEncoding = 4; lastKnownFileType = sourcecode.c.h; path = HTHud.h; sourceTree = "<group>"; };
		AA3B8226242B21BE00E5C680 /* HTElevatorBoard.m */ = {isa = PBXFileReference; fileEncoding = 4; lastKnownFileType = sourcecode.c.objc; path = HTElevatorBoard.m; sourceTree = "<group>"; };
		AA3B8227242B21BE00E5C680 /* HTElevatorBoard.h */ = {isa = PBXFileReference; fileEncoding = 4; lastKnownFileType = sourcecode.c.h; path = HTElevatorBoard.h; sourceTree = "<group>"; };
		AA3B8229242B21BE00E5C680 /* HTMaskBoard.m */ = {isa = PBXFileReference; fileEncoding = 4; lastKnownFileType = sourcecode.c.objc; path = HTMaskBoard.m; sourceTree = "<group>"; };
		AA3B822A242B21BE00E5C680 /* HTMaskBoard.h */ = {isa = PBXFileReference; fileEncoding = 4; lastKnownFileType = sourcecode.c.h; path = HTMaskBoard.h; sourceTree = "<group>"; };
		AA3B822C242B21BE00E5C680 /* HTFickleButton.m */ = {isa = PBXFileReference; fileEncoding = 4; lastKnownFileType = sourcecode.c.objc; path = HTFickleButton.m; sourceTree = "<group>"; };
		AA3B822D242B21BE00E5C680 /* HTFickleButton.h */ = {isa = PBXFileReference; fileEncoding = 4; lastKnownFileType = sourcecode.c.h; path = HTFickleButton.h; sourceTree = "<group>"; };
		AA3B822F242B21BE00E5C680 /* HTDrawerView.h */ = {isa = PBXFileReference; fileEncoding = 4; lastKnownFileType = sourcecode.c.h; path = HTDrawerView.h; sourceTree = "<group>"; };
		AA3B8230242B21BE00E5C680 /* HTDrawerView.m */ = {isa = PBXFileReference; fileEncoding = 4; lastKnownFileType = sourcecode.c.objc; path = HTDrawerView.m; sourceTree = "<group>"; };
		AA3B8232242B21BE00E5C680 /* HTLabel.m */ = {isa = PBXFileReference; fileEncoding = 4; lastKnownFileType = sourcecode.c.objc; path = HTLabel.m; sourceTree = "<group>"; };
		AA3B8233242B21BE00E5C680 /* HTLabel.h */ = {isa = PBXFileReference; fileEncoding = 4; lastKnownFileType = sourcecode.c.h; path = HTLabel.h; sourceTree = "<group>"; };
		AA3B8235242B21BE00E5C680 /* HTPageControl.m */ = {isa = PBXFileReference; fileEncoding = 4; lastKnownFileType = sourcecode.c.objc; path = HTPageControl.m; sourceTree = "<group>"; };
		AA3B8236242B21BE00E5C680 /* HTCycleView.h */ = {isa = PBXFileReference; fileEncoding = 4; lastKnownFileType = sourcecode.c.h; path = HTCycleView.h; sourceTree = "<group>"; };
		AA3B8238242B21BE00E5C680 /* HTCycleViewManager.m */ = {isa = PBXFileReference; fileEncoding = 4; lastKnownFileType = sourcecode.c.objc; path = HTCycleViewManager.m; sourceTree = "<group>"; };
		AA3B8239242B21BE00E5C680 /* HTCycleViewManager.h */ = {isa = PBXFileReference; fileEncoding = 4; lastKnownFileType = sourcecode.c.h; path = HTCycleViewManager.h; sourceTree = "<group>"; };
		AA3B823B242B21BE00E5C680 /* HTCycleViewConfigModel.m */ = {isa = PBXFileReference; fileEncoding = 4; lastKnownFileType = sourcecode.c.objc; path = HTCycleViewConfigModel.m; sourceTree = "<group>"; };
		AA3B823C242B21BE00E5C680 /* HTCycleViewConfigModel.h */ = {isa = PBXFileReference; fileEncoding = 4; lastKnownFileType = sourcecode.c.h; path = HTCycleViewConfigModel.h; sourceTree = "<group>"; };
		AA3B823D242B21BE00E5C680 /* HTCycleView.m */ = {isa = PBXFileReference; fileEncoding = 4; lastKnownFileType = sourcecode.c.objc; path = HTCycleView.m; sourceTree = "<group>"; };
		AA3B823E242B21BE00E5C680 /* HTPageControl.h */ = {isa = PBXFileReference; fileEncoding = 4; lastKnownFileType = sourcecode.c.h; path = HTPageControl.h; sourceTree = "<group>"; };
		AA3B8242242B21BE00E5C680 /* HTCommonTableViewModel.m */ = {isa = PBXFileReference; fileEncoding = 4; lastKnownFileType = sourcecode.c.objc; path = HTCommonTableViewModel.m; sourceTree = "<group>"; };
		AA3B8243242B21BE00E5C680 /* HTCommonTableViewModel.h */ = {isa = PBXFileReference; fileEncoding = 4; lastKnownFileType = sourcecode.c.h; path = HTCommonTableViewModel.h; sourceTree = "<group>"; };
		AA3B8245242B21BE00E5C680 /* HTCommonTableViewCell.h */ = {isa = PBXFileReference; fileEncoding = 4; lastKnownFileType = sourcecode.c.h; path = HTCommonTableViewCell.h; sourceTree = "<group>"; };
		AA3B8246242B21BE00E5C680 /* HTCommonTableViewCell.m */ = {isa = PBXFileReference; fileEncoding = 4; lastKnownFileType = sourcecode.c.objc; path = HTCommonTableViewCell.m; sourceTree = "<group>"; };
		AA3B8248242B21BE00E5C680 /* HTCommonTableView.m */ = {isa = PBXFileReference; fileEncoding = 4; lastKnownFileType = sourcecode.c.objc; path = HTCommonTableView.m; sourceTree = "<group>"; };
		AA3B8249242B21BE00E5C680 /* HTCommonTableView.h */ = {isa = PBXFileReference; fileEncoding = 4; lastKnownFileType = sourcecode.c.h; path = HTCommonTableView.h; sourceTree = "<group>"; };
		AA3B824B242B21BE00E5C680 /* HTCommonTableViewController.h */ = {isa = PBXFileReference; fileEncoding = 4; lastKnownFileType = sourcecode.c.h; path = HTCommonTableViewController.h; sourceTree = "<group>"; };
		AA3B824C242B21BE00E5C680 /* HTCommonTableViewController.m */ = {isa = PBXFileReference; fileEncoding = 4; lastKnownFileType = sourcecode.c.objc; path = HTCommonTableViewController.m; sourceTree = "<group>"; };
		AA3B824E242B21BE00E5C680 /* HTCommonViewController.m */ = {isa = PBXFileReference; fileEncoding = 4; lastKnownFileType = sourcecode.c.objc; path = HTCommonViewController.m; sourceTree = "<group>"; };
		AA3B824F242B21BE00E5C680 /* HTCommonViewController.h */ = {isa = PBXFileReference; fileEncoding = 4; lastKnownFileType = sourcecode.c.h; path = HTCommonViewController.h; sourceTree = "<group>"; };
		AA3B8251242B21BE00E5C680 /* HTCommonViewModel.m */ = {isa = PBXFileReference; fileEncoding = 4; lastKnownFileType = sourcecode.c.objc; path = HTCommonViewModel.m; sourceTree = "<group>"; };
		AA3B8252242B21BE00E5C680 /* HTCommonViewModel.h */ = {isa = PBXFileReference; fileEncoding = 4; lastKnownFileType = sourcecode.c.h; path = HTCommonViewModel.h; sourceTree = "<group>"; };
		AA3B8255242B21BE00E5C680 /* HTCommonCollectionViewController.h */ = {isa = PBXFileReference; fileEncoding = 4; lastKnownFileType = sourcecode.c.h; path = HTCommonCollectionViewController.h; sourceTree = "<group>"; };
		AA3B8256242B21BE00E5C680 /* HTCommonCollectionViewController.m */ = {isa = PBXFileReference; fileEncoding = 4; lastKnownFileType = sourcecode.c.objc; path = HTCommonCollectionViewController.m; sourceTree = "<group>"; };
		AA3B8258242B21BE00E5C680 /* HTCommonCollectionView.h */ = {isa = PBXFileReference; fileEncoding = 4; lastKnownFileType = sourcecode.c.h; path = HTCommonCollectionView.h; sourceTree = "<group>"; };
		AA3B8259242B21BE00E5C680 /* HTCommonCollectionView.m */ = {isa = PBXFileReference; fileEncoding = 4; lastKnownFileType = sourcecode.c.objc; path = HTCommonCollectionView.m; sourceTree = "<group>"; };
		AA3B825B242B21BE00E5C680 /* HTCommonCollectionViewModel.m */ = {isa = PBXFileReference; fileEncoding = 4; lastKnownFileType = sourcecode.c.objc; path = HTCommonCollectionViewModel.m; sourceTree = "<group>"; };
		AA3B825C242B21BE00E5C680 /* HTCommonCollectionViewModel.h */ = {isa = PBXFileReference; fileEncoding = 4; lastKnownFileType = sourcecode.c.h; path = HTCommonCollectionViewModel.h; sourceTree = "<group>"; };
		AA3B825E242B21BE00E5C680 /* HTCommonCollectionViewCell.m */ = {isa = PBXFileReference; fileEncoding = 4; lastKnownFileType = sourcecode.c.objc; path = HTCommonCollectionViewCell.m; sourceTree = "<group>"; };
		AA3B825F242B21BE00E5C680 /* HTCommonCollectionViewCell.h */ = {isa = PBXFileReference; fileEncoding = 4; lastKnownFileType = sourcecode.c.h; path = HTCommonCollectionViewCell.h; sourceTree = "<group>"; };
		AA3B8262242B21BE00E5C680 /* HTCommonTabbarController.h */ = {isa = PBXFileReference; fileEncoding = 4; lastKnownFileType = sourcecode.c.h; path = HTCommonTabbarController.h; sourceTree = "<group>"; };
		AA3B8263242B21BE00E5C680 /* HTCommonTabbarController.m */ = {isa = PBXFileReference; fileEncoding = 4; lastKnownFileType = sourcecode.c.objc; path = HTCommonTabbarController.m; sourceTree = "<group>"; };
		AA3B82D0242B244300E5C680 /* AppDelegate.h */ = {isa = PBXFileReference; fileEncoding = 4; lastKnownFileType = sourcecode.c.h; path = AppDelegate.h; sourceTree = "<group>"; };
		AA3B82D3242B244300E5C680 /* main.m */ = {isa = PBXFileReference; fileEncoding = 4; lastKnownFileType = sourcecode.c.objc; path = main.m; sourceTree = "<group>"; };
		AA3B82D4242B244300E5C680 /* PchFile.pch */ = {isa = PBXFileReference; fileEncoding = 4; lastKnownFileType = sourcecode.c.h; path = PchFile.pch; sourceTree = "<group>"; };
		AA3B82D5242B244300E5C680 /* AppDelegate.m */ = {isa = PBXFileReference; fileEncoding = 4; lastKnownFileType = sourcecode.c.objc; path = AppDelegate.m; sourceTree = "<group>"; };
		DE36D7CD81AD6410FDF9A1E2 /* Pods-HTPlace1.release.xcconfig */ = {isa = PBXFileReference; includeInIndex = 1; lastKnownFileType = text.xcconfig; name = "Pods-HTPlace1.release.xcconfig"; path = "Target Support Files/Pods-HTPlace1/Pods-HTPlace1.release.xcconfig"; sourceTree = "<group>"; };
/* End PBXFileReference section */

/* Begin PBXFrameworksBuildPhase section */
		AA3B81AF242B21A600E5C680 /* Frameworks */ = {
			isa = PBXFrameworksBuildPhase;
			buildActionMask = 2147483647;
			files = (
				E10C7A2A7E85712C9B428321 /* libPods-HTPlace1.a in Frameworks */,
			);
			runOnlyForDeploymentPostprocessing = 0;
		};
/* End PBXFrameworksBuildPhase section */

/* Begin PBXGroup section */
		8C22E955F0E1CF9F68997F2B /* Frameworks */ = {
			isa = PBXGroup;
			children = (
				8DAFE109BBC847A585B774F0 /* libPods-HTPlace1.a */,
			);
			name = Frameworks;
			sourceTree = "<group>";
		};
		A51FA2F61706659ACDE1829B /* Pods */ = {
			isa = PBXGroup;
			children = (
				66F891D2E6E68CB205269B03 /* Pods-HTPlace1.debug.xcconfig */,
				DE36D7CD81AD6410FDF9A1E2 /* Pods-HTPlace1.release.xcconfig */,
			);
			path = Pods;
			sourceTree = "<group>";
		};
		AA2D01F9242C891C006E9933 /* MediaFiles */ = {
			isa = PBXGroup;
			children = (
				AA2D01FA242C891C006E9933 /* Assets.xcassets */,
			);
			path = MediaFiles;
			sourceTree = "<group>";
		};
		AA2D01FC242C8924006E9933 /* Main */ = {
			isa = PBXGroup;
			children = (
				AA2D01FD242C8924006E9933 /* TempSearchBar */,
				AA2D0200242C8924006E9933 /* Personal */,
				AA2D0203242C8924006E9933 /* Home */,
				AA2D020A242C8924006E9933 /* Discover */,
				AA2D020C242C8924006E9933 /* 练手用模块 */,
				AA2D0211242C8924006E9933 /* BaseFiles */,
			);
			path = Main;
			sourceTree = "<group>";
		};
		AA2D01FD242C8924006E9933 /* TempSearchBar */ = {
			isa = PBXGroup;
			children = (
				AA2D01FE242C8924006E9933 /* TempSearchBar.m */,
				AA2D01FF242C8924006E9933 /* TempSearchBar.h */,
			);
			path = TempSearchBar;
			sourceTree = "<group>";
		};
		AA2D0200242C8924006E9933 /* Personal */ = {
			isa = PBXGroup;
			children = (
				AA2D0201242C8924006E9933 /* View */,
				AA2D0202242C8924006E9933 /* ViewController */,
			);
			path = Personal;
			sourceTree = "<group>";
		};
		AA2D0201242C8924006E9933 /* View */ = {
			isa = PBXGroup;
			children = (
			);
			path = View;
			sourceTree = "<group>";
		};
		AA2D0202242C8924006E9933 /* ViewController */ = {
			isa = PBXGroup;
			children = (
			);
			path = ViewController;
			sourceTree = "<group>";
		};
		AA2D0203242C8924006E9933 /* Home */ = {
			isa = PBXGroup;
			children = (
				AA2D0204242C8924006E9933 /* View */,
				AA2D0207242C8924006E9933 /* ViewController */,
			);
			path = Home;
			sourceTree = "<group>";
		};
		AA2D0204242C8924006E9933 /* View */ = {
			isa = PBXGroup;
			children = (
				AA2D0205242C8924006E9933 /* HomeCollectionView.h */,
				AA2D0206242C8924006E9933 /* HomeCollectionView.m */,
			);
			path = View;
			sourceTree = "<group>";
		};
		AA2D0207242C8924006E9933 /* ViewController */ = {
			isa = PBXGroup;
			children = (
				AA2D0208242C8924006E9933 /* HomeViewController.m */,
				AA2D0209242C8924006E9933 /* HomeViewController.h */,
			);
			path = ViewController;
			sourceTree = "<group>";
		};
		AA2D020A242C8924006E9933 /* Discover */ = {
			isa = PBXGroup;
			children = (
				AA2D020B242C8924006E9933 /* ViewController */,
			);
			path = Discover;
			sourceTree = "<group>";
		};
		AA2D020B242C8924006E9933 /* ViewController */ = {
			isa = PBXGroup;
			children = (
			);
			path = ViewController;
			sourceTree = "<group>";
		};
		AA2D020C242C8924006E9933 /* 练手用模块 */ = {
			isa = PBXGroup;
			children = (
				AA2D020D242C8924006E9933 /* TomatoCommon */,
				AA2D020E242C8924006E9933 /* Controller */,
				AA2D020F242C8924006E9933 /* View */,
			);
			path = "练手用模块";
			sourceTree = "<group>";
		};
		AA2D020D242C8924006E9933 /* TomatoCommon */ = {
			isa = PBXGroup;
			children = (
			);
			path = TomatoCommon;
			sourceTree = "<group>";
		};
		AA2D020E242C8924006E9933 /* Controller */ = {
			isa = PBXGroup;
			children = (
			);
			path = Controller;
			sourceTree = "<group>";
		};
		AA2D020F242C8924006E9933 /* View */ = {
			isa = PBXGroup;
			children = (
				AA2D0210242C8924006E9933 /* Cell */,
			);
			path = View;
			sourceTree = "<group>";
		};
		AA2D0210242C8924006E9933 /* Cell */ = {
			isa = PBXGroup;
			children = (
			);
			path = Cell;
			sourceTree = "<group>";
		};
		AA2D0211242C8924006E9933 /* BaseFiles */ = {
			isa = PBXGroup;
			children = (
				AA2D0212242C8924006E9933 /* ViewModel */,
				AA2D0213242C8924006E9933 /* Controller */,
				AA2D0218242C8924006E9933 /* Model */,
				AA2D0219242C8924006E9933 /* View */,
			);
			path = BaseFiles;
			sourceTree = "<group>";
		};
		AA2D0212242C8924006E9933 /* ViewModel */ = {
			isa = PBXGroup;
			children = (
			);
			path = ViewModel;
			sourceTree = "<group>";
		};
		AA2D0213242C8924006E9933 /* Controller */ = {
			isa = PBXGroup;
			children = (
				AA2D0214242C8924006E9933 /* BaseViewController.m */,
				AA2D0215242C8924006E9933 /* BridgeBaseViewController.m */,
				AA2D0216242C8924006E9933 /* BaseViewController.h */,
				AA2D0217242C8924006E9933 /* BridgeBaseViewController.h */,
			);
			path = Controller;
			sourceTree = "<group>";
		};
		AA2D0218242C8924006E9933 /* Model */ = {
			isa = PBXGroup;
			children = (
			);
			path = Model;
			sourceTree = "<group>";
		};
		AA2D0219242C8924006E9933 /* View */ = {
			isa = PBXGroup;
			children = (
			);
			path = View;
			sourceTree = "<group>";
		};
		AA3B81A9242B21A600E5C680 = {
			isa = PBXGroup;
			children = (
				AA3B81B4242B21A600E5C680 /* HTPlace1 */,
				AA3B81B3242B21A600E5C680 /* Products */,
				A51FA2F61706659ACDE1829B /* Pods */,
				8C22E955F0E1CF9F68997F2B /* Frameworks */,
			);
			sourceTree = "<group>";
		};
		AA3B81B3242B21A600E5C680 /* Products */ = {
			isa = PBXGroup;
			children = (
				AA3B81B2242B21A600E5C680 /* HTPlace.app */,
			);
			name = Products;
			sourceTree = "<group>";
		};
		AA3B81B4242B21A600E5C680 /* HTPlace1 */ = {
			isa = PBXGroup;
			children = (
				AA2D01FC242C8924006E9933 /* Main */,
				AA2D01F9242C891C006E9933 /* MediaFiles */,
				AA3B82CF242B244300E5C680 /* LauncherFiles */,
				AA3B81CE242B21BE00E5C680 /* HTToolBox */,
				AA3B81BB242B21A600E5C680 /* ViewController.h */,
				AA3B81BC242B21A600E5C680 /* ViewController.m */,
			);
			path = HTPlace1;
			sourceTree = "<group>";
		};
		AA3B81CE242B21BE00E5C680 /* HTToolBox */ = {
			isa = PBXGroup;
			children = (
				AA3B81CF242B21BE00E5C680 /* HTMacro */,
				AA3B81D5242B21BE00E5C680 /* HTNetworking */,
				AA3B81DC242B21BE00E5C680 /* HTToolBox.h */,
				AA3B81DD242B21BE00E5C680 /* HTDebugger */,
				AA3B81E0242B21BE00E5C680 /* HTAuthorizer */,
				AA3B81E3242B21BE00E5C680 /* HTCategoryExtension */,
				AA3B821B242B21BE00E5C680 /* HTUIComponents */,
			);
			path = HTToolBox;
			sourceTree = "<group>";
		};
		AA3B81CF242B21BE00E5C680 /* HTMacro */ = {
			isa = PBXGroup;
			children = (
				AA3B81D0242B21BE00E5C680 /* HTColorMacro.h */,
				AA3B81D1242B21BE00E5C680 /* HTCommonUserMacro.h */,
				AA3B81D2242B21BE00E5C680 /* HTMacro.h */,
				AA3B81D3242B21BE00E5C680 /* HTSingletonMacro.h */,
				AA3B81D4242B21BE00E5C680 /* HTThirdPartyMacro.h */,
			);
			path = HTMacro;
			sourceTree = "<group>";
		};
		AA3B81D5242B21BE00E5C680 /* HTNetworking */ = {
			isa = PBXGroup;
			children = (
				AA3B81D6242B21BE00E5C680 /* HTNetworkingDataModel.h */,
				AA3B81D7242B21BE00E5C680 /* HTNetworking.m */,
				AA3B81D8242B21BE00E5C680 /* HTNetworkingDomainModel.m */,
				AA3B81D9242B21BE00E5C680 /* HTNetworkingDataModel.m */,
				AA3B81DA242B21BE00E5C680 /* HTNetworking.h */,
				AA3B81DB242B21BE00E5C680 /* HTNetworkingDomainModel.h */,
			);
			path = HTNetworking;
			sourceTree = "<group>";
		};
		AA3B81DD242B21BE00E5C680 /* HTDebugger */ = {
			isa = PBXGroup;
			children = (
				AA3B81DE242B21BE00E5C680 /* HTDebugger.m */,
				AA3B81DF242B21BE00E5C680 /* HTDebugger.h */,
			);
			path = HTDebugger;
			sourceTree = "<group>";
		};
		AA3B81E0242B21BE00E5C680 /* HTAuthorizer */ = {
			isa = PBXGroup;
			children = (
				AA3B81E1242B21BE00E5C680 /* HTAuthorizer.m */,
				AA3B81E2242B21BE00E5C680 /* HTAuthorizer.h */,
			);
			path = HTAuthorizer;
			sourceTree = "<group>";
		};
		AA3B81E3242B21BE00E5C680 /* HTCategoryExtension */ = {
			isa = PBXGroup;
			children = (
				AA3B81E4242B21BE00E5C680 /* HTCategories.h */,
				AA3B81E5242B21BE00E5C680 /* UIImage */,
				AA3B81E8242B21BE00E5C680 /* UILable */,
				AA3B81EB242B21BE00E5C680 /* UIScrollView */,
				AA3B81EE242B21BE00E5C680 /* UIFit */,
				AA3B81F3242B21BE00E5C680 /* UIButton */,
				AA3B81F6242B21BE00E5C680 /* UIColor */,
				AA3B81F9242B21BE00E5C680 /* UIView */,
				AA3B8200242B21BE00E5C680 /* UICollectionView */,
				AA3B8207242B21BE00E5C680 /* UIImageView */,
				AA3B820A242B21BE00E5C680 /* NSString */,
				AA3B820F242B21BE00E5C680 /* UIVIewController */,
				AA3B8212242B21BE00E5C680 /* UINavigationController */,
				AA3B8218242B21BE00E5C680 /* NSDate */,
			);
			path = HTCategoryExtension;
			sourceTree = "<group>";
		};
		AA3B81E5242B21BE00E5C680 /* UIImage */ = {
			isa = PBXGroup;
			children = (
				AA3B81E6242B21BE00E5C680 /* UIImage+HTEx.m */,
				AA3B81E7242B21BE00E5C680 /* UIImage+HTEx.h */,
			);
			path = UIImage;
			sourceTree = "<group>";
		};
		AA3B81E8242B21BE00E5C680 /* UILable */ = {
			isa = PBXGroup;
			children = (
				AA3B81E9242B21BE00E5C680 /* UILabel+HTEx.m */,
				AA3B81EA242B21BE00E5C680 /* UILabel+HTEx.h */,
			);
			path = UILable;
			sourceTree = "<group>";
		};
		AA3B81EB242B21BE00E5C680 /* UIScrollView */ = {
			isa = PBXGroup;
			children = (
				AA3B81EC242B21BE00E5C680 /* UIScrollView+HTRefresh.h */,
				AA3B81ED242B21BE00E5C680 /* UIScrollView+HTRefresh.m */,
			);
			path = UIScrollView;
			sourceTree = "<group>";
		};
		AA3B81EE242B21BE00E5C680 /* UIFit */ = {
			isa = PBXGroup;
			children = (
				AA3B81EF242B21BE00E5C680 /* UIFont+HTFont.m */,
				AA3B81F0242B21BE00E5C680 /* UIBarButtonItem+SXCreate.h */,
				AA3B81F1242B21BE00E5C680 /* UIBarButtonItem+SXCreate.m */,
				AA3B81F2242B21BE00E5C680 /* UIFont+HTFont.h */,
			);
			path = UIFit;
			sourceTree = "<group>";
		};
		AA3B81F3242B21BE00E5C680 /* UIButton */ = {
			isa = PBXGroup;
			children = (
				AA3B81F4242B21BE00E5C680 /* UIButton+HTButton.h */,
				AA3B81F5242B21BE00E5C680 /* UIButton+HTButton.m */,
			);
			path = UIButton;
			sourceTree = "<group>";
		};
		AA3B81F6242B21BE00E5C680 /* UIColor */ = {
			isa = PBXGroup;
			children = (
				AA3B81F7242B21BE00E5C680 /* UIColor+HTColorExtentsion.h */,
				AA3B81F8242B21BE00E5C680 /* UIColor+HTColorExtentsion.m */,
			);
			path = UIColor;
			sourceTree = "<group>";
		};
		AA3B81F9242B21BE00E5C680 /* UIView */ = {
			isa = PBXGroup;
			children = (
				AA3B81FA242B21BE00E5C680 /* UIView+HTUIViewTool.h */,
				AA3B81FB242B21BE00E5C680 /* UIView+HTViewLayout.h */,
				AA3B81FC242B21BE00E5C680 /* UIView+HTView.h */,
				AA3B81FE242B21BE00E5C680 /* UIView+HTView.m */,
				AA3B81FD242B21BE00E5C680 /* UIView+HTUIViewTool.m */,
				AA3B81FF242B21BE00E5C680 /* UIView+HTViewLayout.m */,
			);
			path = UIView;
			sourceTree = "<group>";
		};
		AA3B8200242B21BE00E5C680 /* UICollectionView */ = {
			isa = PBXGroup;
			children = (
				AA3B8201242B21BE00E5C680 /* HTEqualSpaceFlowLayout.m */,
				AA3B8202242B21BE00E5C680 /* UICollectionView+HTCollectionView.h */,
				AA3B8203242B21BE00E5C680 /* UICollectionViewFlowLayout+HTUICollectionViewFlowLayout.m */,
				AA3B8204242B21BE00E5C680 /* HTEqualSpaceFlowLayout.h */,
				AA3B8205242B21BE00E5C680 /* UICollectionView+HTCollectionView.m */,
				AA3B8206242B21BE00E5C680 /* UICollectionViewFlowLayout+HTUICollectionViewFlowLayout.h */,
			);
			path = UICollectionView;
			sourceTree = "<group>";
		};
		AA3B8207242B21BE00E5C680 /* UIImageView */ = {
			isa = PBXGroup;
			children = (
				AA3B8208242B21BE00E5C680 /* UIImageView+HTImageView.m */,
				AA3B8209242B21BE00E5C680 /* UIImageView+HTImageView.h */,
			);
			path = UIImageView;
			sourceTree = "<group>";
		};
		AA3B820A242B21BE00E5C680 /* NSString */ = {
			isa = PBXGroup;
			children = (
				AA3B820B242B21BE00E5C680 /* NSAttributedString+Colorful.h */,
				AA3B820C242B21BE00E5C680 /* NSString+HTTime.m */,
				AA3B820D242B21BE00E5C680 /* NSAttributedString+Colorful.m */,
				AA3B820E242B21BE00E5C680 /* NSString+HTTime.h */,
			);
			path = NSString;
			sourceTree = "<group>";
		};
		AA3B820F242B21BE00E5C680 /* UIVIewController */ = {
			isa = PBXGroup;
			children = (
				AA3B8210242B21BE00E5C680 /* UIViewController+HTViewController.m */,
				AA3B8211242B21BE00E5C680 /* UIViewController+HTViewController.h */,
			);
			path = UIVIewController;
			sourceTree = "<group>";
		};
		AA3B8212242B21BE00E5C680 /* UINavigationController */ = {
			isa = PBXGroup;
			children = (
				AA3B8213242B21BE00E5C680 /* UINavigationController+HTUINavigationController.h */,
				AA3B8214242B21BE00E5C680 /* UINavigationBar */,
				AA3B8217242B21BE00E5C680 /* UINavigationController+HTUINavigationController.m */,
			);
			path = UINavigationController;
			sourceTree = "<group>";
		};
		AA3B8214242B21BE00E5C680 /* UINavigationBar */ = {
			isa = PBXGroup;
			children = (
				AA3B8215242B21BE00E5C680 /* UINavigationBar+HTNavigationBar.m */,
				AA3B8216242B21BE00E5C680 /* UINavigationBar+HTNavigationBar.h */,
			);
			path = UINavigationBar;
			sourceTree = "<group>";
		};
		AA3B8218242B21BE00E5C680 /* NSDate */ = {
			isa = PBXGroup;
			children = (
				AA3B8219242B21BE00E5C680 /* NSDate+HTDate.m */,
				AA3B821A242B21BE00E5C680 /* NSDate+HTDate.h */,
			);
			path = NSDate;
			sourceTree = "<group>";
		};
		AA3B821B242B21BE00E5C680 /* HTUIComponents */ = {
			isa = PBXGroup;
			children = (
				AA3B821C242B21BE00E5C680 /* HTWidgets */,
				AA3B823F242B21BE00E5C680 /* HTCommonViewController */,
			);
			path = HTUIComponents;
			sourceTree = "<group>";
		};
		AA3B821C242B21BE00E5C680 /* HTWidgets */ = {
			isa = PBXGroup;
			children = (
				AA3B821D242B21BE00E5C680 /* HTHud */,
				AA3B8225242B21BE00E5C680 /* HTElevatorBoard */,
				AA3B8228242B21BE00E5C680 /* HTMaskBoard */,
				AA3B822B242B21BE00E5C680 /* HTFickleButton */,
				AA3B822E242B21BE00E5C680 /* HTDrawerView */,
				AA3B8231242B21BE00E5C680 /* HTLabel */,
				AA3B8234242B21BE00E5C680 /* HTCycleView */,
			);
			path = HTWidgets;
			sourceTree = "<group>";
		};
		AA3B821D242B21BE00E5C680 /* HTHud */ = {
			isa = PBXGroup;
			children = (
				AA3B821E242B21BE00E5C680 /* HTHudManager.h */,
				AA3B821F242B21BE00E5C680 /* HTSVIndefiniteAnimatedViewWhiteCircle.png */,
				AA3B8220242B21BE00E5C680 /* HTSVIndefiniteAnimatedView.m */,
				AA3B8221242B21BE00E5C680 /* HTHud.m */,
				AA3B8222242B21BE00E5C680 /* HTHudManager.m */,
				AA3B8223242B21BE00E5C680 /* HTSVIndefiniteAnimatedView.h */,
				AA3B8224242B21BE00E5C680 /* HTHud.h */,
			);
			path = HTHud;
			sourceTree = "<group>";
		};
		AA3B8225242B21BE00E5C680 /* HTElevatorBoard */ = {
			isa = PBXGroup;
			children = (
				AA3B8227242B21BE00E5C680 /* HTElevatorBoard.h */,
				AA3B8226242B21BE00E5C680 /* HTElevatorBoard.m */,
			);
			path = HTElevatorBoard;
			sourceTree = "<group>";
		};
		AA3B8228242B21BE00E5C680 /* HTMaskBoard */ = {
			isa = PBXGroup;
			children = (
				AA3B8229242B21BE00E5C680 /* HTMaskBoard.m */,
				AA3B822A242B21BE00E5C680 /* HTMaskBoard.h */,
			);
			path = HTMaskBoard;
			sourceTree = "<group>";
		};
		AA3B822B242B21BE00E5C680 /* HTFickleButton */ = {
			isa = PBXGroup;
			children = (
				AA3B822C242B21BE00E5C680 /* HTFickleButton.m */,
				AA3B822D242B21BE00E5C680 /* HTFickleButton.h */,
			);
			path = HTFickleButton;
			sourceTree = "<group>";
		};
		AA3B822E242B21BE00E5C680 /* HTDrawerView */ = {
			isa = PBXGroup;
			children = (
				AA3B822F242B21BE00E5C680 /* HTDrawerView.h */,
				AA3B8230242B21BE00E5C680 /* HTDrawerView.m */,
			);
			path = HTDrawerView;
			sourceTree = "<group>";
		};
		AA3B8231242B21BE00E5C680 /* HTLabel */ = {
			isa = PBXGroup;
			children = (
				AA3B8232242B21BE00E5C680 /* HTLabel.m */,
				AA3B8233242B21BE00E5C680 /* HTLabel.h */,
			);
			path = HTLabel;
			sourceTree = "<group>";
		};
		AA3B8234242B21BE00E5C680 /* HTCycleView */ = {
			isa = PBXGroup;
			children = (
				AA3B8235242B21BE00E5C680 /* HTPageControl.m */,
				AA3B8236242B21BE00E5C680 /* HTCycleView.h */,
				AA3B8237242B21BE00E5C680 /* HTCyleViewManager */,
				AA3B823A242B21BE00E5C680 /* HTCycleViewConfigModel */,
				AA3B823D242B21BE00E5C680 /* HTCycleView.m */,
				AA3B823E242B21BE00E5C680 /* HTPageControl.h */,
			);
			path = HTCycleView;
			sourceTree = "<group>";
		};
		AA3B8237242B21BE00E5C680 /* HTCyleViewManager */ = {
			isa = PBXGroup;
			children = (
				AA3B8238242B21BE00E5C680 /* HTCycleViewManager.m */,
				AA3B8239242B21BE00E5C680 /* HTCycleViewManager.h */,
			);
			path = HTCyleViewManager;
			sourceTree = "<group>";
		};
		AA3B823A242B21BE00E5C680 /* HTCycleViewConfigModel */ = {
			isa = PBXGroup;
			children = (
				AA3B823B242B21BE00E5C680 /* HTCycleViewConfigModel.m */,
				AA3B823C242B21BE00E5C680 /* HTCycleViewConfigModel.h */,
			);
			path = HTCycleViewConfigModel;
			sourceTree = "<group>";
		};
		AA3B823F242B21BE00E5C680 /* HTCommonViewController */ = {
			isa = PBXGroup;
			children = (
				AA3B8240242B21BE00E5C680 /* TableView */,
				AA3B824D242B21BE00E5C680 /* CommonView */,
				AA3B8250242B21BE00E5C680 /* CommonViewModel */,
				AA3B8253242B21BE00E5C680 /* ColleCtionView */,
				AA3B8260242B21BE00E5C680 /* Tabbar */,
			);
			path = HTCommonViewController;
			sourceTree = "<group>";
		};
		AA3B8240242B21BE00E5C680 /* TableView */ = {
			isa = PBXGroup;
			children = (
				AA3B8241242B21BE00E5C680 /* HTCommonTableViewModel */,
				AA3B8244242B21BE00E5C680 /* HTCommonTableViewCell */,
				AA3B8247242B21BE00E5C680 /* HTCommonTableView */,
				AA3B824A242B21BE00E5C680 /* HTCommonTableViewController */,
			);
			path = TableView;
			sourceTree = "<group>";
		};
		AA3B8241242B21BE00E5C680 /* HTCommonTableViewModel */ = {
			isa = PBXGroup;
			children = (
				AA3B8242242B21BE00E5C680 /* HTCommonTableViewModel.m */,
				AA3B8243242B21BE00E5C680 /* HTCommonTableViewModel.h */,
			);
			path = HTCommonTableViewModel;
			sourceTree = "<group>";
		};
		AA3B8244242B21BE00E5C680 /* HTCommonTableViewCell */ = {
			isa = PBXGroup;
			children = (
				AA3B8245242B21BE00E5C680 /* HTCommonTableViewCell.h */,
				AA3B8246242B21BE00E5C680 /* HTCommonTableViewCell.m */,
			);
			path = HTCommonTableViewCell;
			sourceTree = "<group>";
		};
		AA3B8247242B21BE00E5C680 /* HTCommonTableView */ = {
			isa = PBXGroup;
			children = (
				AA3B8248242B21BE00E5C680 /* HTCommonTableView.m */,
				AA3B8249242B21BE00E5C680 /* HTCommonTableView.h */,
			);
			path = HTCommonTableView;
			sourceTree = "<group>";
		};
		AA3B824A242B21BE00E5C680 /* HTCommonTableViewController */ = {
			isa = PBXGroup;
			children = (
				AA3B824B242B21BE00E5C680 /* HTCommonTableViewController.h */,
				AA3B824C242B21BE00E5C680 /* HTCommonTableViewController.m */,
			);
			path = HTCommonTableViewController;
			sourceTree = "<group>";
		};
		AA3B824D242B21BE00E5C680 /* CommonView */ = {
			isa = PBXGroup;
			children = (
				AA3B824E242B21BE00E5C680 /* HTCommonViewController.m */,
				AA3B824F242B21BE00E5C680 /* HTCommonViewController.h */,
			);
			path = CommonView;
			sourceTree = "<group>";
		};
		AA3B8250242B21BE00E5C680 /* CommonViewModel */ = {
			isa = PBXGroup;
			children = (
				AA3B8251242B21BE00E5C680 /* HTCommonViewModel.m */,
				AA3B8252242B21BE00E5C680 /* HTCommonViewModel.h */,
			);
			path = CommonViewModel;
			sourceTree = "<group>";
		};
		AA3B8253242B21BE00E5C680 /* ColleCtionView */ = {
			isa = PBXGroup;
			children = (
				AA3B8254242B21BE00E5C680 /* HTCommonCollectionViewController */,
				AA3B8257242B21BE00E5C680 /* HTCommonCollectionView */,
				AA3B825A242B21BE00E5C680 /* HTCommonCollectionViewModel */,
				AA3B825D242B21BE00E5C680 /* HTCommonCollectionViewCell */,
			);
			path = ColleCtionView;
			sourceTree = "<group>";
		};
		AA3B8254242B21BE00E5C680 /* HTCommonCollectionViewController */ = {
			isa = PBXGroup;
			children = (
				AA3B8255242B21BE00E5C680 /* HTCommonCollectionViewController.h */,
				AA3B8256242B21BE00E5C680 /* HTCommonCollectionViewController.m */,
			);
			path = HTCommonCollectionViewController;
			sourceTree = "<group>";
		};
		AA3B8257242B21BE00E5C680 /* HTCommonCollectionView */ = {
			isa = PBXGroup;
			children = (
				AA3B8258242B21BE00E5C680 /* HTCommonCollectionView.h */,
				AA3B8259242B21BE00E5C680 /* HTCommonCollectionView.m */,
			);
			path = HTCommonCollectionView;
			sourceTree = "<group>";
		};
		AA3B825A242B21BE00E5C680 /* HTCommonCollectionViewModel */ = {
			isa = PBXGroup;
			children = (
				AA3B825B242B21BE00E5C680 /* HTCommonCollectionViewModel.m */,
				AA3B825C242B21BE00E5C680 /* HTCommonCollectionViewModel.h */,
			);
			path = HTCommonCollectionViewModel;
			sourceTree = "<group>";
		};
		AA3B825D242B21BE00E5C680 /* HTCommonCollectionViewCell */ = {
			isa = PBXGroup;
			children = (
				AA3B825E242B21BE00E5C680 /* HTCommonCollectionViewCell.m */,
				AA3B825F242B21BE00E5C680 /* HTCommonCollectionViewCell.h */,
			);
			path = HTCommonCollectionViewCell;
			sourceTree = "<group>";
		};
		AA3B8260242B21BE00E5C680 /* Tabbar */ = {
			isa = PBXGroup;
			children = (
				AA3B8261242B21BE00E5C680 /* Controller */,
			);
			path = Tabbar;
			sourceTree = "<group>";
		};
		AA3B8261242B21BE00E5C680 /* Controller */ = {
			isa = PBXGroup;
			children = (
				AA3B8262242B21BE00E5C680 /* HTCommonTabbarController.h */,
				AA3B8263242B21BE00E5C680 /* HTCommonTabbarController.m */,
			);
			path = Controller;
			sourceTree = "<group>";
		};
		AA3B82CF242B244300E5C680 /* LauncherFiles */ = {
			isa = PBXGroup;
			children = (
				AA3B82D0242B244300E5C680 /* AppDelegate.h */,
				AA3B82D5242B244300E5C680 /* AppDelegate.m */,
				AA3B82D3242B244300E5C680 /* main.m */,
				AA3B82D4242B244300E5C680 /* PchFile.pch */,
				AA3B81C6242B21A900E5C680 /* Info.plist */,
				AA3B81BE242B21A600E5C680 /* Main.storyboard */,
				AA3B81C3242B21A900E5C680 /* LaunchScreen.storyboard */,
			);
			path = LauncherFiles;
			sourceTree = "<group>";
		};
/* End PBXGroup section */

/* Begin PBXNativeTarget section */
		AA3B81B1242B21A600E5C680 /* HTPlace */ = {
			isa = PBXNativeTarget;
			buildConfigurationList = AA3B81CB242B21A900E5C680 /* Build configuration list for PBXNativeTarget "HTPlace" */;
			buildPhases = (
				48CF1BED0FC76FA9022AB3E8 /* [CP] Check Pods Manifest.lock */,
				AA3B81AE242B21A600E5C680 /* Sources */,
				AA3B81AF242B21A600E5C680 /* Frameworks */,
				AA3B81B0242B21A600E5C680 /* Resources */,
				275831B0C965DFA43518C3B0 /* [CP] Copy Pods Resources */,
			);
			buildRules = (
			);
			dependencies = (
			);
			name = HTPlace;
			productName = HTPlace1;
			productReference = AA3B81B2242B21A600E5C680 /* HTPlace.app */;
			productType = "com.apple.product-type.application";
		};
/* End PBXNativeTarget section */

/* Begin PBXProject section */
		AA3B81AA242B21A600E5C680 /* Project object */ = {
			isa = PBXProject;
			attributes = {
				LastUpgradeCheck = 1130;
				ORGANIZATIONNAME = "\bMr.hong";
				TargetAttributes = {
					AA3B81B1242B21A600E5C680 = {
						CreatedOnToolsVersion = 11.3;
					};
				};
			};
			buildConfigurationList = AA3B81AD242B21A600E5C680 /* Build configuration list for PBXProject "HTPlace" */;
			compatibilityVersion = "Xcode 9.3";
			developmentRegion = en;
			hasScannedForEncodings = 0;
			knownRegions = (
				en,
				Base,
			);
			mainGroup = AA3B81A9242B21A600E5C680;
			productRefGroup = AA3B81B3242B21A600E5C680 /* Products */;
			projectDirPath = "";
			projectRoot = "";
			targets = (
				AA3B81B1242B21A600E5C680 /* HTPlace */,
			);
		};
/* End PBXProject section */

/* Begin PBXResourcesBuildPhase section */
		AA3B81B0242B21A600E5C680 /* Resources */ = {
			isa = PBXResourcesBuildPhase;
			buildActionMask = 2147483647;
			files = (
				AA3B81C5242B21A900E5C680 /* LaunchScreen.storyboard in Resources */,
				AA3B827D242B21BE00E5C680 /* HTSVIndefiniteAnimatedViewWhiteCircle.png in Resources */,
				AA2D01FB242C891C006E9933 /* Assets.xcassets in Resources */,
				AA3B81C0242B21A600E5C680 /* Main.storyboard in Resources */,
			);
			runOnlyForDeploymentPostprocessing = 0;
		};
/* End PBXResourcesBuildPhase section */

/* Begin PBXShellScriptBuildPhase section */
		275831B0C965DFA43518C3B0 /* [CP] Copy Pods Resources */ = {
			isa = PBXShellScriptBuildPhase;
			buildActionMask = 2147483647;
			files = (
			);
			inputFileListPaths = (
				"${PODS_ROOT}/Target Support Files/Pods-HTPlace1/Pods-HTPlace1-resources-${CONFIGURATION}-input-files.xcfilelist",
			);
			name = "[CP] Copy Pods Resources";
			outputFileListPaths = (
				"${PODS_ROOT}/Target Support Files/Pods-HTPlace1/Pods-HTPlace1-resources-${CONFIGURATION}-output-files.xcfilelist",
			);
			runOnlyForDeploymentPostprocessing = 0;
			shellPath = /bin/sh;
			shellScript = "\"${PODS_ROOT}/Target Support Files/Pods-HTPlace1/Pods-HTPlace1-resources.sh\"\n";
			showEnvVarsInLog = 0;
		};
		48CF1BED0FC76FA9022AB3E8 /* [CP] Check Pods Manifest.lock */ = {
			isa = PBXShellScriptBuildPhase;
			buildActionMask = 2147483647;
			files = (
			);
			inputFileListPaths = (
			);
			inputPaths = (
				"${PODS_PODFILE_DIR_PATH}/Podfile.lock",
				"${PODS_ROOT}/Manifest.lock",
			);
			name = "[CP] Check Pods Manifest.lock";
			outputFileListPaths = (
			);
			outputPaths = (
				"$(DERIVED_FILE_DIR)/Pods-HTPlace1-checkManifestLockResult.txt",
			);
			runOnlyForDeploymentPostprocessing = 0;
			shellPath = /bin/sh;
			shellScript = "diff \"${PODS_PODFILE_DIR_PATH}/Podfile.lock\" \"${PODS_ROOT}/Manifest.lock\" > /dev/null\nif [ $? != 0 ] ; then\n    # print error to STDERR\n    echo \"error: The sandbox is not in sync with the Podfile.lock. Run 'pod install' or update your CocoaPods installation.\" >&2\n    exit 1\nfi\n# This output is used by Xcode 'outputs' to avoid re-running this script phase.\necho \"SUCCESS\" > \"${SCRIPT_OUTPUT_FILE_0}\"\n";
			showEnvVarsInLog = 0;
		};
/* End PBXShellScriptBuildPhase section */

/* Begin PBXSourcesBuildPhase section */
		AA3B81AE242B21A600E5C680 /* Sources */ = {
			isa = PBXSourcesBuildPhase;
			buildActionMask = 2147483647;
			files = (
				AA3B8267242B21BE00E5C680 /* HTDebugger.m in Sources */,
				AA3B8280242B21BE00E5C680 /* HTHudManager.m in Sources */,
				AA3B8294242B21BE00E5C680 /* HTCommonTabbarController.m in Sources */,
				AA3B8285242B21BE00E5C680 /* HTLabel.m in Sources */,
				AA3B8268242B21BE00E5C680 /* HTAuthorizer.m in Sources */,
				AA3B8269242B21BE00E5C680 /* UIImage+HTEx.m in Sources */,
				AA3B82D8242B244300E5C680 /* main.m in Sources */,
				AA3B8278242B21BE00E5C680 /* NSAttributedString+Colorful.m in Sources */,
				AA3B81BD242B21A600E5C680 /* ViewController.m in Sources */,
				AA3B8282242B21BE00E5C680 /* HTMaskBoard.m in Sources */,
				AA3B8274242B21BE00E5C680 /* UICollectionViewFlowLayout+HTUICollectionViewFlowLayout.m in Sources */,
				AA3B8287242B21BE00E5C680 /* HTCycleViewManager.m in Sources */,
				AA3B826E242B21BE00E5C680 /* UIButton+HTButton.m in Sources */,
				AA2D021B242C8924006E9933 /* HomeCollectionView.m in Sources */,
				AA3B827B242B21BE00E5C680 /* UINavigationController+HTUINavigationController.m in Sources */,
				AA3B8264242B21BE00E5C680 /* HTNetworking.m in Sources */,
				AA3B8272242B21BE00E5C680 /* UIView+HTViewLayout.m in Sources */,
				AA3B828D242B21BE00E5C680 /* HTCommonTableViewController.m in Sources */,
				AA3B828B242B21BE00E5C680 /* HTCommonTableViewCell.m in Sources */,
				AA3B828F242B21BE00E5C680 /* HTCommonViewModel.m in Sources */,
				AA2D021E242C8924006E9933 /* BridgeBaseViewController.m in Sources */,
				AA3B828A242B21BE00E5C680 /* HTCommonTableViewModel.m in Sources */,
				AA3B827C242B21BE00E5C680 /* NSDate+HTDate.m in Sources */,
				AA3B826A242B21BE00E5C680 /* UILabel+HTEx.m in Sources */,
				AA2D021C242C8924006E9933 /* HomeViewController.m in Sources */,
				AA3B826C242B21BE00E5C680 /* UIFont+HTFont.m in Sources */,
				AA2D021A242C8924006E9933 /* TempSearchBar.m in Sources */,
				AA3B8289242B21BE00E5C680 /* HTCycleView.m in Sources */,
				AA3B827E242B21BE00E5C680 /* HTSVIndefiniteAnimatedView.m in Sources */,
				AA3B826F242B21BE00E5C680 /* UIColor+HTColorExtentsion.m in Sources */,
				AA3B8275242B21BE00E5C680 /* UICollectionView+HTCollectionView.m in Sources */,
				AA3B8271242B21BE00E5C680 /* UIView+HTView.m in Sources */,
				AA3B8273242B21BE00E5C680 /* HTEqualSpaceFlowLayout.m in Sources */,
				AA3B827F242B21BE00E5C680 /* HTHud.m in Sources */,
				AA3B8288242B21BE00E5C680 /* HTCycleViewConfigModel.m in Sources */,
				AA3B8279242B21BE00E5C680 /* UIViewController+HTViewController.m in Sources */,
				AA3B8293242B21BE00E5C680 /* HTCommonCollectionViewCell.m in Sources */,
				AA3B8290242B21BE00E5C680 /* HTCommonCollectionViewController.m in Sources */,
				AA3B8286242B21BE00E5C680 /* HTPageControl.m in Sources */,
				AA3B8284242B21BE00E5C680 /* HTDrawerView.m in Sources */,
				AA3B8276242B21BE00E5C680 /* UIImageView+HTImageView.m in Sources */,
				AA3B8277242B21BE00E5C680 /* NSString+HTTime.m in Sources */,
				AA3B8291242B21BE00E5C680 /* HTCommonCollectionView.m in Sources */,
				AA3B8270242B21BE00E5C680 /* UIView+HTUIViewTool.m in Sources */,
				AA3B8281242B21BE00E5C680 /* HTElevatorBoard.m in Sources */,
				AA3B8283242B21BE00E5C680 /* HTFickleButton.m in Sources */,
				AA3B828C242B21BE00E5C680 /* HTCommonTableView.m in Sources */,
				AA2D021D242C8924006E9933 /* BaseViewController.m in Sources */,
				AA3B8292242B21BE00E5C680 /* HTCommonCollectionViewModel.m in Sources */,
				AA3B826B242B21BE00E5C680 /* UIScrollView+HTRefresh.m in Sources */,
				AA3B827A242B21BE00E5C680 /* UINavigationBar+HTNavigationBar.m in Sources */,
				AA3B826D242B21BE00E5C680 /* UIBarButtonItem+SXCreate.m in Sources */,
				AA3B82D9242B244300E5C680 /* AppDelegate.m in Sources */,
				AA3B828E242B21BE00E5C680 /* HTCommonViewController.m in Sources */,
				AA3B8266242B21BE00E5C680 /* HTNetworkingDataModel.m in Sources */,
				AA3B8265242B21BE00E5C680 /* HTNetworkingDomainModel.m in Sources */,
			);
			runOnlyForDeploymentPostprocessing = 0;
		};
/* End PBXSourcesBuildPhase section */

/* Begin PBXVariantGroup section */
		AA3B81BE242B21A600E5C680 /* Main.storyboard */ = {
			isa = PBXVariantGroup;
			children = (
				AA3B81BF242B21A600E5C680 /* Base */,
			);
			name = Main.storyboard;
			sourceTree = "<group>";
		};
		AA3B81C3242B21A900E5C680 /* LaunchScreen.storyboard */ = {
			isa = PBXVariantGroup;
			children = (
				AA3B81C4242B21A900E5C680 /* Base */,
			);
			name = LaunchScreen.storyboard;
			sourceTree = "<group>";
		};
/* End PBXVariantGroup section */

/* Begin XCBuildConfiguration section */
		AA3B81C9242B21A900E5C680 /* Debug */ = {
			isa = XCBuildConfiguration;
			buildSettings = {
				ALWAYS_SEARCH_USER_PATHS = NO;
				CLANG_ANALYZER_NONNULL = YES;
				CLANG_ANALYZER_NUMBER_OBJECT_CONVERSION = YES_AGGRESSIVE;
				CLANG_CXX_LANGUAGE_STANDARD = "gnu++14";
				CLANG_CXX_LIBRARY = "libc++";
				CLANG_ENABLE_MODULES = YES;
				CLANG_ENABLE_OBJC_ARC = YES;
				CLANG_ENABLE_OBJC_WEAK = YES;
				CLANG_WARN_BLOCK_CAPTURE_AUTORELEASING = YES;
				CLANG_WARN_BOOL_CONVERSION = YES;
				CLANG_WARN_COMMA = YES;
				CLANG_WARN_CONSTANT_CONVERSION = YES;
				CLANG_WARN_DEPRECATED_OBJC_IMPLEMENTATIONS = YES;
				CLANG_WARN_DIRECT_OBJC_ISA_USAGE = YES_ERROR;
				CLANG_WARN_DOCUMENTATION_COMMENTS = YES;
				CLANG_WARN_EMPTY_BODY = YES;
				CLANG_WARN_ENUM_CONVERSION = YES;
				CLANG_WARN_INFINITE_RECURSION = YES;
				CLANG_WARN_INT_CONVERSION = YES;
				CLANG_WARN_NON_LITERAL_NULL_CONVERSION = YES;
				CLANG_WARN_OBJC_IMPLICIT_RETAIN_SELF = YES;
				CLANG_WARN_OBJC_LITERAL_CONVERSION = YES;
				CLANG_WARN_OBJC_ROOT_CLASS = YES_ERROR;
				CLANG_WARN_RANGE_LOOP_ANALYSIS = YES;
				CLANG_WARN_STRICT_PROTOTYPES = YES;
				CLANG_WARN_SUSPICIOUS_MOVE = YES;
				CLANG_WARN_UNGUARDED_AVAILABILITY = YES_AGGRESSIVE;
				CLANG_WARN_UNREACHABLE_CODE = YES;
				CLANG_WARN__DUPLICATE_METHOD_MATCH = YES;
				COPY_PHASE_STRIP = NO;
				DEBUG_INFORMATION_FORMAT = dwarf;
				ENABLE_STRICT_OBJC_MSGSEND = YES;
				ENABLE_TESTABILITY = YES;
				GCC_C_LANGUAGE_STANDARD = gnu11;
				GCC_DYNAMIC_NO_PIC = NO;
				GCC_NO_COMMON_BLOCKS = YES;
				GCC_OPTIMIZATION_LEVEL = 0;
				GCC_PREPROCESSOR_DEFINITIONS = (
					"DEBUG=1",
					"$(inherited)",
				);
				GCC_WARN_64_TO_32_BIT_CONVERSION = YES;
				GCC_WARN_ABOUT_RETURN_TYPE = YES_ERROR;
				GCC_WARN_UNDECLARED_SELECTOR = YES;
				GCC_WARN_UNINITIALIZED_AUTOS = YES_AGGRESSIVE;
				GCC_WARN_UNUSED_FUNCTION = YES;
				GCC_WARN_UNUSED_VARIABLE = YES;
				IPHONEOS_DEPLOYMENT_TARGET = 13.2;
				MTL_ENABLE_DEBUG_INFO = INCLUDE_SOURCE;
				MTL_FAST_MATH = YES;
				ONLY_ACTIVE_ARCH = YES;
				SDKROOT = iphoneos;
			};
			name = Debug;
		};
		AA3B81CA242B21A900E5C680 /* Release */ = {
			isa = XCBuildConfiguration;
			buildSettings = {
				ALWAYS_SEARCH_USER_PATHS = NO;
				CLANG_ANALYZER_NONNULL = YES;
				CLANG_ANALYZER_NUMBER_OBJECT_CONVERSION = YES_AGGRESSIVE;
				CLANG_CXX_LANGUAGE_STANDARD = "gnu++14";
				CLANG_CXX_LIBRARY = "libc++";
				CLANG_ENABLE_MODULES = YES;
				CLANG_ENABLE_OBJC_ARC = YES;
				CLANG_ENABLE_OBJC_WEAK = YES;
				CLANG_WARN_BLOCK_CAPTURE_AUTORELEASING = YES;
				CLANG_WARN_BOOL_CONVERSION = YES;
				CLANG_WARN_COMMA = YES;
				CLANG_WARN_CONSTANT_CONVERSION = YES;
				CLANG_WARN_DEPRECATED_OBJC_IMPLEMENTATIONS = YES;
				CLANG_WARN_DIRECT_OBJC_ISA_USAGE = YES_ERROR;
				CLANG_WARN_DOCUMENTATION_COMMENTS = YES;
				CLANG_WARN_EMPTY_BODY = YES;
				CLANG_WARN_ENUM_CONVERSION = YES;
				CLANG_WARN_INFINITE_RECURSION = YES;
				CLANG_WARN_INT_CONVERSION = YES;
				CLANG_WARN_NON_LITERAL_NULL_CONVERSION = YES;
				CLANG_WARN_OBJC_IMPLICIT_RETAIN_SELF = YES;
				CLANG_WARN_OBJC_LITERAL_CONVERSION = YES;
				CLANG_WARN_OBJC_ROOT_CLASS = YES_ERROR;
				CLANG_WARN_RANGE_LOOP_ANALYSIS = YES;
				CLANG_WARN_STRICT_PROTOTYPES = YES;
				CLANG_WARN_SUSPICIOUS_MOVE = YES;
				CLANG_WARN_UNGUARDED_AVAILABILITY = YES_AGGRESSIVE;
				CLANG_WARN_UNREACHABLE_CODE = YES;
				CLANG_WARN__DUPLICATE_METHOD_MATCH = YES;
				COPY_PHASE_STRIP = NO;
				DEBUG_INFORMATION_FORMAT = "dwarf-with-dsym";
				ENABLE_NS_ASSERTIONS = NO;
				ENABLE_STRICT_OBJC_MSGSEND = YES;
				GCC_C_LANGUAGE_STANDARD = gnu11;
				GCC_NO_COMMON_BLOCKS = YES;
				GCC_WARN_64_TO_32_BIT_CONVERSION = YES;
				GCC_WARN_ABOUT_RETURN_TYPE = YES_ERROR;
				GCC_WARN_UNDECLARED_SELECTOR = YES;
				GCC_WARN_UNINITIALIZED_AUTOS = YES_AGGRESSIVE;
				GCC_WARN_UNUSED_FUNCTION = YES;
				GCC_WARN_UNUSED_VARIABLE = YES;
				IPHONEOS_DEPLOYMENT_TARGET = 13.2;
				MTL_ENABLE_DEBUG_INFO = NO;
				MTL_FAST_MATH = YES;
				SDKROOT = iphoneos;
				VALIDATE_PRODUCT = YES;
			};
			name = Release;
		};
		AA3B81CC242B21A900E5C680 /* Debug */ = {
			isa = XCBuildConfiguration;
			baseConfigurationReference = 66F891D2E6E68CB205269B03 /* Pods-HTPlace1.debug.xcconfig */;
			buildSettings = {
				CODE_SIGN_STYLE = Automatic;
				DEVELOPMENT_TEAM = CRV3R593G3;
				GCC_PREFIX_HEADER = HTPlace1/LauncherFiles/PchFile.pch;
				INFOPLIST_FILE = HTPlace1/Info.plist;
				LD_RUNPATH_SEARCH_PATHS = (
					"$(inherited)",
					"@executable_path/Frameworks",
				);
				PRODUCT_BUNDLE_IDENTIFIER = com.hzy.tool;
				PRODUCT_NAME = "$(TARGET_NAME)";
				TARGETED_DEVICE_FAMILY = "1,2";
			};
			name = Debug;
		};
		AA3B81CD242B21A900E5C680 /* Release */ = {
			isa = XCBuildConfiguration;
			baseConfigurationReference = DE36D7CD81AD6410FDF9A1E2 /* Pods-HTPlace1.release.xcconfig */;
			buildSettings = {
				CODE_SIGN_STYLE = Automatic;
				DEVELOPMENT_TEAM = CRV3R593G3;
				GCC_PREFIX_HEADER = HTPlace1/LauncherFiles/PchFile.pch;
				INFOPLIST_FILE = HTPlace1/Info.plist;
				LD_RUNPATH_SEARCH_PATHS = (
					"$(inherited)",
					"@executable_path/Frameworks",
				);
				PRODUCT_BUNDLE_IDENTIFIER = com.hzy.tool;
				PRODUCT_NAME = "$(TARGET_NAME)";
				TARGETED_DEVICE_FAMILY = "1,2";
			};
			name = Release;
		};
/* End XCBuildConfiguration section */

/* Begin XCConfigurationList section */
		AA3B81AD242B21A600E5C680 /* Build configuration list for PBXProject "HTPlace" */ = {
			isa = XCConfigurationList;
			buildConfigurations = (
				AA3B81C9242B21A900E5C680 /* Debug */,
				AA3B81CA242B21A900E5C680 /* Release */,
			);
			defaultConfigurationIsVisible = 0;
			defaultConfigurationName = Release;
		};
		AA3B81CB242B21A900E5C680 /* Build configuration list for PBXNativeTarget "HTPlace" */ = {
			isa = XCConfigurationList;
			buildConfigurations = (
				AA3B81CC242B21A900E5C680 /* Debug */,
				AA3B81CD242B21A900E5C680 /* Release */,
			);
			defaultConfigurationIsVisible = 0;
			defaultConfigurationName = Release;
		};
/* End XCConfigurationList section */
	};
	rootObject = AA3B81AA242B21A600E5C680 /* Project object */;
}
