{
  "object": {
    "pins": [
      {
        "package": "TTThirdParityOC",
        "repositoryURL": "git@github.com:imbaTao/TTThirdParityOC.git",
        "state": {
          "branch": null,
          "revision": "edc9f359bc78160bb42f3b3990c0884b5a49bc7a",
          "version": "1.0.11"
        }
      }
    ]
  },
  "version": 1
}
